// !$*UTF8*$!
{
	archiveVersion = 1;
	classes = {
	};
	objectVersion = 56;
	objects = {

/* Begin PBXBuildFile section */
		631D10E92CABF91E00DA1376 /* KeyboardResponder.swift in Sources */ = {isa = PBXBuildFile; fileRef = 631D10E82CABF91E00DA1376 /* KeyboardResponder.swift */; };
		6320F4F52BFB307100C35808 /* LivenessCameraView.swift in Sources */ = {isa = PBXBuildFile; fileRef = 6320F4F42BFB307100C35808 /* LivenessCameraView.swift */; };
		6320F4F82BFB57DE00C35808 /* TipsSelfie.swift in Sources */ = {isa = PBXBuildFile; fileRef = 6320F4F72BFB57DE00C35808 /* TipsSelfie.swift */; };
		6320F4FA2BFC42EC00C35808 /* LivenessOverlayViewModel.swift in Sources */ = {isa = PBXBuildFile; fileRef = 6320F4F92BFC42EC00C35808 /* LivenessOverlayViewModel.swift */; };
		6320F4FE2BFC4A4000C35808 /* Extensions.swift in Sources */ = {isa = PBXBuildFile; fileRef = 6320F4FD2BFC4A4000C35808 /* Extensions.swift */; };
		6329EC882C5C9DB4002D3779 /* CustomAlert.swift in Sources */ = {isa = PBXBuildFile; fileRef = 6329EC872C5C9DB4002D3779 /* CustomAlert.swift */; };
		6329EC8A2C5CC6C7002D3779 /* EmailVerificationFailedView.swift in Sources */ = {isa = PBXBuildFile; fileRef = 6329EC892C5CC6C7002D3779 /* EmailVerificationFailedView.swift */; };
		632A1DC52BF76B4900959663 /* CameraOvelayView.swift in Sources */ = {isa = PBXBuildFile; fileRef = 632A1DC42BF76B4900959663 /* CameraOvelayView.swift */; };
		632AF9FA2CAFCCE40036F294 /* MessageDTO.swift in Sources */ = {isa = PBXBuildFile; fileRef = 632AF9F92CAFCCE40036F294 /* MessageDTO.swift */; };
		632AFA002CAFF5960036F294 /* UserDetailView.swift in Sources */ = {isa = PBXBuildFile; fileRef = 632AF9FF2CAFF5950036F294 /* UserDetailView.swift */; };
		632AFA032CAFF69B0036F294 /* ImagePicker.swift in Sources */ = {isa = PBXBuildFile; fileRef = 632AFA022CAFF69B0036F294 /* ImagePicker.swift */; };
		633F7FF62C53B54100BC2B06 /* CustomPageIndicator.swift in Sources */ = {isa = PBXBuildFile; fileRef = 633F7FF52C53B54100BC2B06 /* CustomPageIndicator.swift */; };
		633F7FFA2C578FBE00BC2B06 /* ThankYouView.swift in Sources */ = {isa = PBXBuildFile; fileRef = 633F7FF92C578FBE00BC2B06 /* ThankYouView.swift */; };
		634878CF2BF739EB00E50DE1 /* LivenessIntroductionView.swift in Sources */ = {isa = PBXBuildFile; fileRef = 634878CE2BF739EB00E50DE1 /* LivenessIntroductionView.swift */; };
		634878D12BF73AA300E50DE1 /* LivenessFlow.swift in Sources */ = {isa = PBXBuildFile; fileRef = 634878D02BF73AA300E50DE1 /* LivenessFlow.swift */; };
		634878D32BF7488900E50DE1 /* BrandView.swift in Sources */ = {isa = PBXBuildFile; fileRef = 634878D22BF7488900E50DE1 /* BrandView.swift */; };
		634878D52BF7619F00E50DE1 /* ButtonView.swift in Sources */ = {isa = PBXBuildFile; fileRef = 634878D42BF7619F00E50DE1 /* ButtonView.swift */; };
		634CEE822C7B19E2008CD5B8 /* BannerView.swift in Sources */ = {isa = PBXBuildFile; fileRef = 634CEE812C7B19E2008CD5B8 /* BannerView.swift */; };
		634CEE842C7C1AD2008CD5B8 /* ScanLoginQRCodeView.swift in Sources */ = {isa = PBXBuildFile; fileRef = 634CEE832C7C1AD2008CD5B8 /* ScanLoginQRCodeView.swift */; };
		6351DF0A2CA4FF7B00976552 /* BottomTab.swift in Sources */ = {isa = PBXBuildFile; fileRef = 6351DF092CA4FF7B00976552 /* BottomTab.swift */; };
		6351DF122CA5105300976552 /* ic_data_pdf.pdf in Resources */ = {isa = PBXBuildFile; fileRef = 6351DF112CA5105300976552 /* ic_data_pdf.pdf */; };
		6351DF142CA5106100976552 /* ic_data.svg in Resources */ = {isa = PBXBuildFile; fileRef = 6351DF132CA5106100976552 /* ic_data.svg */; };
		6351DF192CA5384A00976552 /* MessageListCell.swift in Sources */ = {isa = PBXBuildFile; fileRef = 6351DF182CA5384A00976552 /* MessageListCell.swift */; };
		63554DD82CA139CD00DF55D2 /* OutlineTextField.swift in Sources */ = {isa = PBXBuildFile; fileRef = 63554DD72CA139CD00DF55D2 /* OutlineTextField.swift */; };
		63554DE82CA1789600DF55D2 /* LoadingView.swift in Sources */ = {isa = PBXBuildFile; fileRef = 63554DE72CA1789600DF55D2 /* LoadingView.swift */; };
		635ACCED2BFC813B0012108F /* SteppedProgressView.swift in Sources */ = {isa = PBXBuildFile; fileRef = 635ACCEC2BFC813B0012108F /* SteppedProgressView.swift */; };
		635ACCF12BFC8C120012108F /* CustomSteppedProgressView.swift in Sources */ = {isa = PBXBuildFile; fileRef = 635ACCF02BFC8C120012108F /* CustomSteppedProgressView.swift */; };
		635ACCF42BFC8ECE0012108F /* ProgressStepView.swift in Sources */ = {isa = PBXBuildFile; fileRef = 635ACCF32BFC8ECE0012108F /* ProgressStepView.swift */; };
		635ACCFA2BFDDAE90012108F /* ProgressStepViewModel.swift in Sources */ = {isa = PBXBuildFile; fileRef = 635ACCF92BFDDAE90012108F /* ProgressStepViewModel.swift */; };
		635ACCFC2BFDF0080012108F /* SteppedProgressViewModel.swift in Sources */ = {isa = PBXBuildFile; fileRef = 635ACCFB2BFDF0080012108F /* SteppedProgressViewModel.swift */; };
		635ACD002BFDFAFB0012108F /* Localizable.strings in Resources */ = {isa = PBXBuildFile; fileRef = 635ACD022BFDFAFB0012108F /* Localizable.strings */; };
		635ACD0B2BFE02560012108F /* Fonts.swift in Sources */ = {isa = PBXBuildFile; fileRef = 635ACD0A2BFE02560012108F /* Fonts.swift */; };
		635ACD1C2BFF266E0012108F /* NavigationDemoView.swift in Sources */ = {isa = PBXBuildFile; fileRef = 635ACD1B2BFF266E0012108F /* NavigationDemoView.swift */; };
		635ACD1E2BFF2AF10012108F /* NavigationDemo15.swift in Sources */ = {isa = PBXBuildFile; fileRef = 635ACD1D2BFF2AF10012108F /* NavigationDemo15.swift */; };
		635ACD4A2C058A060012108F /* LivenessVerificationFailedView.swift in Sources */ = {isa = PBXBuildFile; fileRef = 635ACD492C058A060012108F /* LivenessVerificationFailedView.swift */; };
		635ACD4C2C0590080012108F /* LivenessVerificationViewModel.swift in Sources */ = {isa = PBXBuildFile; fileRef = 635ACD4B2C0590080012108F /* LivenessVerificationViewModel.swift */; };
		635ACD522C05C0E80012108F /* Utils.swift in Sources */ = {isa = PBXBuildFile; fileRef = 635ACD512C05C0E80012108F /* Utils.swift */; };
		637067032C6087AE00A23C1E /* CreateAccountFlow.swift in Sources */ = {isa = PBXBuildFile; fileRef = 637067022C6087AE00A23C1E /* CreateAccountFlow.swift */; };
		637067052C6087C000A23C1E /* CreateAccountNameView.swift in Sources */ = {isa = PBXBuildFile; fileRef = 637067042C6087C000A23C1E /* CreateAccountNameView.swift */; };
		637067072C60894000A23C1E /* OutlinedTextField.swift in Sources */ = {isa = PBXBuildFile; fileRef = 637067062C60894000A23C1E /* OutlinedTextField.swift */; };
		6370670B2C60AA1B00A23C1E /* BaseView.swift in Sources */ = {isa = PBXBuildFile; fileRef = 6370670A2C60AA1B00A23C1E /* BaseView.swift */; };
		6370670D2C60BFF900A23C1E /* CreatingAccountView.swift in Sources */ = {isa = PBXBuildFile; fileRef = 6370670C2C60BFF900A23C1E /* CreatingAccountView.swift */; };
		6370670F2C60C98B00A23C1E /* AccountCreatedView.swift in Sources */ = {isa = PBXBuildFile; fileRef = 6370670E2C60C98B00A23C1E /* AccountCreatedView.swift */; };
		637067112C60CA4200A23C1E /* NavBackButton.swift in Sources */ = {isa = PBXBuildFile; fileRef = 637067102C60CA4200A23C1E /* NavBackButton.swift */; };
		6370672C2C610C2D00A23C1E /* SelfUISdk.swift in Sources */ = {isa = PBXBuildFile; fileRef = 6370672B2C610C2D00A23C1E /* SelfUISdk.swift */; };
		6370672D2C61D68500A23C1E /* Localizable.strings in Resources */ = {isa = PBXBuildFile; fileRef = 6370672F2C61D68500A23C1E /* Localizable.strings */; };
		637301832CA679A100BB0292 /* AvatarView.swift in Sources */ = {isa = PBXBuildFile; fileRef = 637301822CA679A100BB0292 /* AvatarView.swift */; };
		637301882CA6C4E800BB0292 /* UIImageWrapperView.swift in Sources */ = {isa = PBXBuildFile; fileRef = 637301872CA6C4E800BB0292 /* UIImageWrapperView.swift */; };
		6373018C2CA7F20A00BB0292 /* NavigationTitleView.swift in Sources */ = {isa = PBXBuildFile; fileRef = 6373018B2CA7F20A00BB0292 /* NavigationTitleView.swift */; };
		6373018E2CA7F3D500BB0292 /* BaseNavigationBarView.swift in Sources */ = {isa = PBXBuildFile; fileRef = 6373018D2CA7F3D500BB0292 /* BaseNavigationBarView.swift */; };
		637301922CA8005A00BB0292 /* ChatView.swift in Sources */ = {isa = PBXBuildFile; fileRef = 637301912CA8005A00BB0292 /* ChatView.swift */; };
		6381C31E2BF4463A005573A0 /* SelfUI.framework in Frameworks */ = {isa = PBXBuildFile; fileRef = 63C451642BF30EAE00AD5BC5 /* SelfUI.framework */; };
		6381C31F2BF4463A005573A0 /* SelfUI.framework in Embed Frameworks */ = {isa = PBXBuildFile; fileRef = 63C451642BF30EAE00AD5BC5 /* SelfUI.framework */; settings = {ATTRIBUTES = (CodeSignOnCopy, RemoveHeadersOnCopy, ); }; };
		6381C3242BF463E1005573A0 /* CameraView.swift in Sources */ = {isa = PBXBuildFile; fileRef = 6381C3232BF463E1005573A0 /* CameraView.swift */; };
		6381C3272BF47129005573A0 /* CameraPreview.swift in Sources */ = {isa = PBXBuildFile; fileRef = 6381C3262BF47129005573A0 /* CameraPreview.swift */; };
		6381C32F2BF4ABA0005573A0 /* Example2App.swift in Sources */ = {isa = PBXBuildFile; fileRef = 6381C32E2BF4ABA0005573A0 /* Example2App.swift */; };
		6381C3312BF4ABA0005573A0 /* ContentView.swift in Sources */ = {isa = PBXBuildFile; fileRef = 6381C3302BF4ABA0005573A0 /* ContentView.swift */; };
		6381C3332BF4ABA1005573A0 /* Assets.xcassets in Resources */ = {isa = PBXBuildFile; fileRef = 6381C3322BF4ABA1005573A0 /* Assets.xcassets */; };
		6381C3362BF4ABA1005573A0 /* Preview Assets.xcassets in Resources */ = {isa = PBXBuildFile; fileRef = 6381C3352BF4ABA1005573A0 /* Preview Assets.xcassets */; };
		6381C33B2BF4ACD4005573A0 /* CameraPlaceHolderView.swift in Sources */ = {isa = PBXBuildFile; fileRef = 6381C33A2BF4ACD4005573A0 /* CameraPlaceHolderView.swift */; };
		6381C33D2BF4CB5A005573A0 /* Assets.xcassets in Resources */ = {isa = PBXBuildFile; fileRef = 6381C33C2BF4CB5A005573A0 /* Assets.xcassets */; };
		6381C3402BF5BBB7005573A0 /* FaceModel.swift in Sources */ = {isa = PBXBuildFile; fileRef = 6381C33F2BF5BBB7005573A0 /* FaceModel.swift */; };
		6381C3422BF5BC85005573A0 /* CameraViewModel.swift in Sources */ = {isa = PBXBuildFile; fileRef = 6381C3412BF5BC85005573A0 /* CameraViewModel.swift */; };
		6381C3B32BF711EC005573A0 /* NavigationContentView.swift in Sources */ = {isa = PBXBuildFile; fileRef = 6381C3B22BF711EC005573A0 /* NavigationContentView.swift */; };
		6381C3B82BF733C7005573A0 /* LivenessIntroView.swift in Sources */ = {isa = PBXBuildFile; fileRef = 6381C3B42BF72BB1005573A0 /* LivenessIntroView.swift */; };
		6395A8162C5A227000CB44FE /* PinCodeView.swift in Sources */ = {isa = PBXBuildFile; fileRef = 6395A8152C5A227000CB44FE /* PinCodeView.swift */; };
		6395A8182C5A266300CB44FE /* EnterEmailCodeView.swift in Sources */ = {isa = PBXBuildFile; fileRef = 6395A8172C5A266300CB44FE /* EnterEmailCodeView.swift */; };
		6395A81A2C5A2CD900CB44FE /* PinEntryView.swift in Sources */ = {isa = PBXBuildFile; fileRef = 6395A8192C5A2CD900CB44FE /* PinEntryView.swift */; };
		6395A81E2C5A7AD400CB44FE /* VerifyPhoneFlow.swift in Sources */ = {isa = PBXBuildFile; fileRef = 6395A81D2C5A7AD400CB44FE /* VerifyPhoneFlow.swift */; };
		6395A8202C5A7B9200CB44FE /* VerifyPhoneIntroView.swift in Sources */ = {isa = PBXBuildFile; fileRef = 6395A81F2C5A7B9200CB44FE /* VerifyPhoneIntroView.swift */; };
		6395A8222C5A7CB600CB44FE /* MessageComposeView.swift in Sources */ = {isa = PBXBuildFile; fileRef = 6395A8212C5A7CB600CB44FE /* MessageComposeView.swift */; };
		6395A8242C5A7D9E00CB44FE /* CustomSmsView.swift in Sources */ = {isa = PBXBuildFile; fileRef = 6395A8232C5A7D9E00CB44FE /* CustomSmsView.swift */; };
		6396B54E2C777159008464FE /* DevOnboardingFlow.swift in Sources */ = {isa = PBXBuildFile; fileRef = 6396B54D2C777159008464FE /* DevOnboardingFlow.swift */; };
		63A214332C7CA055008B5E4A /* QRReaderView.swift in Sources */ = {isa = PBXBuildFile; fileRef = 63A214322C7CA055008B5E4A /* QRReaderView.swift */; };
		63A214362C7CAFE8008B5E4A /* HomeView.swift in Sources */ = {isa = PBXBuildFile; fileRef = 63A214352C7CAFE8008B5E4A /* HomeView.swift */; };
		63A214382C7CB081008B5E4A /* ProfileView.swift in Sources */ = {isa = PBXBuildFile; fileRef = 63A214372C7CB081008B5E4A /* ProfileView.swift */; };
		63A2143B2C7CB0D3008B5E4A /* MessagingView.swift in Sources */ = {isa = PBXBuildFile; fileRef = 63A2143A2C7CB0D3008B5E4A /* MessagingView.swift */; };
		63A2143E2C7CB1AB008B5E4A /* DataView.swift in Sources */ = {isa = PBXBuildFile; fileRef = 63A2143D2C7CB1AB008B5E4A /* DataView.swift */; };
		63A214402C7CB203008B5E4A /* ScanView.swift in Sources */ = {isa = PBXBuildFile; fileRef = 63A2143F2C7CB203008B5E4A /* ScanView.swift */; };
		63A214432C7CB281008B5E4A /* SettingsView.swift in Sources */ = {isa = PBXBuildFile; fileRef = 63A214422C7CB281008B5E4A /* SettingsView.swift */; };
		63A99AF72C05D0D90073939A /*  SelectDocumentView.swift in Sources */ = {isa = PBXBuildFile; fileRef = 63A99AF62C05D0D90073939A /*  SelectDocumentView.swift */; };
		63A99AF92C05D8370073939A /* OutlinedButton.swift in Sources */ = {isa = PBXBuildFile; fileRef = 63A99AF82C05D8370073939A /* OutlinedButton.swift */; };
		63A99AFB2C05D92E0073939A /* FontLoader.swift in Sources */ = {isa = PBXBuildFile; fileRef = 63A99AFA2C05D92E0073939A /* FontLoader.swift */; };
		63A99B042C05D9910073939A /* Barlow-Regular.ttf in Resources */ = {isa = PBXBuildFile; fileRef = 63A99AFD2C05D9910073939A /* Barlow-Regular.ttf */; };
		63A99B052C05D9910073939A /* Barlow-Light.ttf in Resources */ = {isa = PBXBuildFile; fileRef = 63A99AFE2C05D9910073939A /* Barlow-Light.ttf */; };
		63A99B062C05D9910073939A /* Barlow-Medium.ttf in Resources */ = {isa = PBXBuildFile; fileRef = 63A99AFF2C05D9910073939A /* Barlow-Medium.ttf */; };
		63A99B072C05D9910073939A /* Barlow-Black.ttf in Resources */ = {isa = PBXBuildFile; fileRef = 63A99B002C05D9910073939A /* Barlow-Black.ttf */; };
		63A99B082C05D9910073939A /* Barlow-SemiBold.ttf in Resources */ = {isa = PBXBuildFile; fileRef = 63A99B012C05D9910073939A /* Barlow-SemiBold.ttf */; };
		63A99B092C05D9910073939A /* Barlow-Bold.ttf in Resources */ = {isa = PBXBuildFile; fileRef = 63A99B022C05D9910073939A /* Barlow-Bold.ttf */; };
		63A99B0A2C05D9910073939A /* Barlow-Italic.ttf in Resources */ = {isa = PBXBuildFile; fileRef = 63A99B032C05D9910073939A /* Barlow-Italic.ttf */; };
		63A99B102C05EA820073939A /* Color.swift in Sources */ = {isa = PBXBuildFile; fileRef = 63A99B0F2C05EA820073939A /* Color.swift */; };
		63A99B122C06DAD20073939A /* PassportCheckChipView.swift in Sources */ = {isa = PBXBuildFile; fileRef = 63A99B112C06DAD20073939A /* PassportCheckChipView.swift */; };
		63A99B142C071F760073939A /* DocumentSorryView.swift in Sources */ = {isa = PBXBuildFile; fileRef = 63A99B132C071F760073939A /* DocumentSorryView.swift */; };
		63A99B162C07271B0073939A /* LoadingDotsView.swift in Sources */ = {isa = PBXBuildFile; fileRef = 63A99B152C07271B0073939A /* LoadingDotsView.swift */; };
		63A99B1D2C07648C0073939A /* FLAnimatedImage in Frameworks */ = {isa = PBXBuildFile; productRef = 63A99B1C2C07648C0073939A /* FLAnimatedImage */; };
		63A99B1F2C0764DA0073939A /* passport_instructions.gif in Resources */ = {isa = PBXBuildFile; fileRef = 63A99B1E2C0764DA0073939A /* passport_instructions.gif */; };
		63A99B212C07650B0073939A /* GIFView.swift in Sources */ = {isa = PBXBuildFile; fileRef = 63A99B202C07650B0073939A /* GIFView.swift */; };
		63A99B232C07656D0073939A /* ReadingPassportChipInstructionView.swift in Sources */ = {isa = PBXBuildFile; fileRef = 63A99B222C07656D0073939A /* ReadingPassportChipInstructionView.swift */; };
		63A99B252C0830990073939A /* PassportMRZView.swift in Sources */ = {isa = PBXBuildFile; fileRef = 63A99B242C0830990073939A /* PassportMRZView.swift */; };
		63A99B272C0860A60073939A /* TransparentHoleView.swift in Sources */ = {isa = PBXBuildFile; fileRef = 63A99B262C0860A60073939A /* TransparentHoleView.swift */; };
		63A99B292C08692D0073939A /* MRZOverlayView.swift in Sources */ = {isa = PBXBuildFile; fileRef = 63A99B282C08692D0073939A /* MRZOverlayView.swift */; };
		63A99B2B2C0881140073939A /* PassportMRZReaderView.swift in Sources */ = {isa = PBXBuildFile; fileRef = 63A99B2A2C0881140073939A /* PassportMRZReaderView.swift */; };
		63A99B2D2C08908A0073939A /* MRZInfo.swift in Sources */ = {isa = PBXBuildFile; fileRef = 63A99B2C2C08908A0073939A /* MRZInfo.swift */; };
		63A99B322C08B7970073939A /* PassportIntroductionView.swift in Sources */ = {isa = PBXBuildFile; fileRef = 63A99B312C08B7970073939A /* PassportIntroductionView.swift */; };
		63A99B342C08B9330073939A /* DocumentType.swift in Sources */ = {isa = PBXBuildFile; fileRef = 63A99B332C08B9330073939A /* DocumentType.swift */; };
		63A99B4B2C09C2C10073939A /* start_scan.gif in Resources */ = {isa = PBXBuildFile; fileRef = 63A99B4A2C09C2C10073939A /* start_scan.gif */; };
		63A99B4D2C09C3930073939A /* PassportStartScanView.swift in Sources */ = {isa = PBXBuildFile; fileRef = 63A99B4C2C09C3930073939A /* PassportStartScanView.swift */; };
		63A99B4F2C09E9C80073939A /* PassportReadingChipView.swift in Sources */ = {isa = PBXBuildFile; fileRef = 63A99B4E2C09E9C80073939A /* PassportReadingChipView.swift */; };
		63A99B592C0D66DD0073939A /* PassportMRZFieldsManuallyView.swift in Sources */ = {isa = PBXBuildFile; fileRef = 63A99B582C0D66DD0073939A /* PassportMRZFieldsManuallyView.swift */; };
		63A99B632C0D6CE40073939A /* CustomTextField.swift in Sources */ = {isa = PBXBuildFile; fileRef = 63A99B622C0D6CE40073939A /* CustomTextField.swift */; };
		63AB34D12CAECDA200B27E75 /* MessageTextCell.swift in Sources */ = {isa = PBXBuildFile; fileRef = 63AB34D02CAECDA200B27E75 /* MessageTextCell.swift */; };
		63AB34D32CAECDD300B27E75 /* StatusTimeView.swift in Sources */ = {isa = PBXBuildFile; fileRef = 63AB34D22CAECDD300B27E75 /* StatusTimeView.swift */; };
		63AB34D62CAECF8600B27E75 /* RoundedCorner.swift in Sources */ = {isa = PBXBuildFile; fileRef = 63AB34D52CAECF8600B27E75 /* RoundedCorner.swift */; };
		63AB90792CA94E6500835D53 /* MessageComposerView.swift in Sources */ = {isa = PBXBuildFile; fileRef = 63AB90782CA94E6500835D53 /* MessageComposerView.swift */; };
		63B1DA2E2C78715D002782AB /* OnboardingSurveyView.swift in Sources */ = {isa = PBXBuildFile; fileRef = 63B1DA2D2C78715D002782AB /* OnboardingSurveyView.swift */; };
		63B1DA302C787F9D002782AB /* SF-Pro.ttf in Resources */ = {isa = PBXBuildFile; fileRef = 63B1DA2F2C787F9D002782AB /* SF-Pro.ttf */; };
		63C03E682C528703009E385E /* WelcomeView.swift in Sources */ = {isa = PBXBuildFile; fileRef = 63C03E672C528703009E385E /* WelcomeView.swift */; };
		63C03E6A2C535E9C009E385E /* PagingView.swift in Sources */ = {isa = PBXBuildFile; fileRef = 63C03E692C535E9C009E385E /* PagingView.swift */; };
		63C03E6C2C539517009E385E /* OnboardingFlow.swift in Sources */ = {isa = PBXBuildFile; fileRef = 63C03E6B2C539517009E385E /* OnboardingFlow.swift */; };
		63C4516D2BF30EAE00AD5BC5 /* SelfUI.framework in Frameworks */ = {isa = PBXBuildFile; fileRef = 63C451642BF30EAE00AD5BC5 /* SelfUI.framework */; };
		63C451722BF30EAE00AD5BC5 /* SelfUITests.swift in Sources */ = {isa = PBXBuildFile; fileRef = 63C451712BF30EAE00AD5BC5 /* SelfUITests.swift */; };
		63C451732BF30EAE00AD5BC5 /* SelfUI.h in Headers */ = {isa = PBXBuildFile; fileRef = 63C451672BF30EAE00AD5BC5 /* SelfUI.h */; settings = {ATTRIBUTES = (Public, ); }; };
		63C4519B2BF33D5300AD5BC5 /* ExampleApp.swift in Sources */ = {isa = PBXBuildFile; fileRef = 63C4519A2BF33D5300AD5BC5 /* ExampleApp.swift */; };
		63C4519D2BF33D5300AD5BC5 /* ContentView.swift in Sources */ = {isa = PBXBuildFile; fileRef = 63C4519C2BF33D5300AD5BC5 /* ContentView.swift */; };
		63C4519F2BF33D5500AD5BC5 /* Assets.xcassets in Resources */ = {isa = PBXBuildFile; fileRef = 63C4519E2BF33D5500AD5BC5 /* Assets.xcassets */; };
		63C451A22BF33D5500AD5BC5 /* Preview Assets.xcassets in Resources */ = {isa = PBXBuildFile; fileRef = 63C451A12BF33D5500AD5BC5 /* Preview Assets.xcassets */; };
		63C451A72BF33F6100AD5BC5 /* PageContentView.swift in Sources */ = {isa = PBXBuildFile; fileRef = 63C451A62BF33F6100AD5BC5 /* PageContentView.swift */; };
		63D0D0432BF395D8002658AA /* LivenessView.swift in Sources */ = {isa = PBXBuildFile; fileRef = 63D0D0422BF395D8002658AA /* LivenessView.swift */; };
		63D66AD62C58C8E80094E55D /* Configuration+Theme+Style.swift in Sources */ = {isa = PBXBuildFile; fileRef = 63D66AD52C58C8E80094E55D /* Configuration+Theme+Style.swift */; };
		63D66AE12C59236D0094E55D /* EmailVerificationFlow.swift in Sources */ = {isa = PBXBuildFile; fileRef = 63D66AE02C59236D0094E55D /* EmailVerificationFlow.swift */; };
		63D66AE32C5924BE0094E55D /* EmailIntroView.swift in Sources */ = {isa = PBXBuildFile; fileRef = 63D66AE22C5924BE0094E55D /* EmailIntroView.swift */; };
		63D66AE52C59CFF30094E55D /* CustomProgressView.swift in Sources */ = {isa = PBXBuildFile; fileRef = 63D66AE42C59CFF30094E55D /* CustomProgressView.swift */; };
		63D66AE72C59E4360094E55D /* EnterEmailView.swift in Sources */ = {isa = PBXBuildFile; fileRef = 63D66AE62C59E4360094E55D /* EnterEmailView.swift */; };
		63E2C3A32C7DC9D300056E9B /* QRCodeOverlayView.swift in Sources */ = {isa = PBXBuildFile; fileRef = 63E2C3A22C7DC9D300056E9B /* QRCodeOverlayView.swift */; };
		63E2C3A52C7DD54000056E9B /* QRCodeScannerView.swift in Sources */ = {isa = PBXBuildFile; fileRef = 63E2C3A42C7DD54000056E9B /* QRCodeScannerView.swift */; };
/* End PBXBuildFile section */

/* Begin PBXContainerItemProxy section */
		6381C3202BF4463A005573A0 /* PBXContainerItemProxy */ = {
			isa = PBXContainerItemProxy;
			containerPortal = 63C4515B2BF30EAD00AD5BC5 /* Project object */;
			proxyType = 1;
			remoteGlobalIDString = 63C451632BF30EAE00AD5BC5;
			remoteInfo = SelfUI;
		};
		63C4516E2BF30EAE00AD5BC5 /* PBXContainerItemProxy */ = {
			isa = PBXContainerItemProxy;
			containerPortal = 63C4515B2BF30EAD00AD5BC5 /* Project object */;
			proxyType = 1;
			remoteGlobalIDString = 63C451632BF30EAE00AD5BC5;
			remoteInfo = SelfUI;
		};
		63C451A82BF33FD200AD5BC5 /* PBXContainerItemProxy */ = {
			isa = PBXContainerItemProxy;
			containerPortal = 63C4515B2BF30EAD00AD5BC5 /* Project object */;
			proxyType = 1;
			remoteGlobalIDString = 63C451632BF30EAE00AD5BC5;
			remoteInfo = SelfUI;
		};
/* End PBXContainerItemProxy section */

/* Begin PBXCopyFilesBuildPhase section */
		6381C3222BF4463A005573A0 /* Embed Frameworks */ = {
			isa = PBXCopyFilesBuildPhase;
			buildActionMask = 2147483647;
			dstPath = "";
			dstSubfolderSpec = 10;
			files = (
				6381C31F2BF4463A005573A0 /* SelfUI.framework in Embed Frameworks */,
			);
			name = "Embed Frameworks";
			runOnlyForDeploymentPostprocessing = 0;
		};
/* End PBXCopyFilesBuildPhase section */

/* Begin PBXFileReference section */
		631D10E82CABF91E00DA1376 /* KeyboardResponder.swift */ = {isa = PBXFileReference; lastKnownFileType = sourcecode.swift; path = KeyboardResponder.swift; sourceTree = "<group>"; };
		6320F4F42BFB307100C35808 /* LivenessCameraView.swift */ = {isa = PBXFileReference; lastKnownFileType = sourcecode.swift; path = LivenessCameraView.swift; sourceTree = "<group>"; };
		6320F4F72BFB57DE00C35808 /* TipsSelfie.swift */ = {isa = PBXFileReference; lastKnownFileType = sourcecode.swift; path = TipsSelfie.swift; sourceTree = "<group>"; };
		6320F4F92BFC42EC00C35808 /* LivenessOverlayViewModel.swift */ = {isa = PBXFileReference; lastKnownFileType = sourcecode.swift; path = LivenessOverlayViewModel.swift; sourceTree = "<group>"; };
		6320F4FD2BFC4A4000C35808 /* Extensions.swift */ = {isa = PBXFileReference; lastKnownFileType = sourcecode.swift; path = Extensions.swift; sourceTree = "<group>"; };
		6329EC872C5C9DB4002D3779 /* CustomAlert.swift */ = {isa = PBXFileReference; lastKnownFileType = sourcecode.swift; path = CustomAlert.swift; sourceTree = "<group>"; };
		6329EC892C5CC6C7002D3779 /* EmailVerificationFailedView.swift */ = {isa = PBXFileReference; lastKnownFileType = sourcecode.swift; path = EmailVerificationFailedView.swift; sourceTree = "<group>"; };
		632A1DC42BF76B4900959663 /* CameraOvelayView.swift */ = {isa = PBXFileReference; lastKnownFileType = sourcecode.swift; path = CameraOvelayView.swift; sourceTree = "<group>"; };
		632AF9F92CAFCCE40036F294 /* MessageDTO.swift */ = {isa = PBXFileReference; lastKnownFileType = sourcecode.swift; path = MessageDTO.swift; sourceTree = "<group>"; };
		632AF9FF2CAFF5950036F294 /* UserDetailView.swift */ = {isa = PBXFileReference; lastKnownFileType = sourcecode.swift; path = UserDetailView.swift; sourceTree = "<group>"; };
		632AFA022CAFF69B0036F294 /* ImagePicker.swift */ = {isa = PBXFileReference; lastKnownFileType = sourcecode.swift; path = ImagePicker.swift; sourceTree = "<group>"; };
		633F7FF52C53B54100BC2B06 /* CustomPageIndicator.swift */ = {isa = PBXFileReference; lastKnownFileType = sourcecode.swift; path = CustomPageIndicator.swift; sourceTree = "<group>"; };
		633F7FF92C578FBE00BC2B06 /* ThankYouView.swift */ = {isa = PBXFileReference; lastKnownFileType = sourcecode.swift; path = ThankYouView.swift; sourceTree = "<group>"; };
		634878CE2BF739EB00E50DE1 /* LivenessIntroductionView.swift */ = {isa = PBXFileReference; lastKnownFileType = sourcecode.swift; path = LivenessIntroductionView.swift; sourceTree = "<group>"; };
		634878D02BF73AA300E50DE1 /* LivenessFlow.swift */ = {isa = PBXFileReference; lastKnownFileType = sourcecode.swift; path = LivenessFlow.swift; sourceTree = "<group>"; };
		634878D22BF7488900E50DE1 /* BrandView.swift */ = {isa = PBXFileReference; lastKnownFileType = sourcecode.swift; path = BrandView.swift; sourceTree = "<group>"; };
		634878D42BF7619F00E50DE1 /* ButtonView.swift */ = {isa = PBXFileReference; lastKnownFileType = sourcecode.swift; path = ButtonView.swift; sourceTree = "<group>"; };
		634CEE812C7B19E2008CD5B8 /* BannerView.swift */ = {isa = PBXFileReference; lastKnownFileType = sourcecode.swift; path = BannerView.swift; sourceTree = "<group>"; };
		634CEE832C7C1AD2008CD5B8 /* ScanLoginQRCodeView.swift */ = {isa = PBXFileReference; lastKnownFileType = sourcecode.swift; path = ScanLoginQRCodeView.swift; sourceTree = "<group>"; };
		6351DF092CA4FF7B00976552 /* BottomTab.swift */ = {isa = PBXFileReference; lastKnownFileType = sourcecode.swift; path = BottomTab.swift; sourceTree = "<group>"; };
		6351DF112CA5105300976552 /* ic_data_pdf.pdf */ = {isa = PBXFileReference; lastKnownFileType = image.pdf; path = ic_data_pdf.pdf; sourceTree = "<group>"; };
		6351DF132CA5106100976552 /* ic_data.svg */ = {isa = PBXFileReference; fileEncoding = 4; lastKnownFileType = text; path = ic_data.svg; sourceTree = "<group>"; };
		6351DF182CA5384A00976552 /* MessageListCell.swift */ = {isa = PBXFileReference; lastKnownFileType = sourcecode.swift; path = MessageListCell.swift; sourceTree = "<group>"; };
		63554DD72CA139CD00DF55D2 /* OutlineTextField.swift */ = {isa = PBXFileReference; lastKnownFileType = sourcecode.swift; path = OutlineTextField.swift; sourceTree = "<group>"; };
		63554DE72CA1789600DF55D2 /* LoadingView.swift */ = {isa = PBXFileReference; lastKnownFileType = sourcecode.swift; path = LoadingView.swift; sourceTree = "<group>"; };
		635ACCEC2BFC813B0012108F /* SteppedProgressView.swift */ = {isa = PBXFileReference; lastKnownFileType = sourcecode.swift; path = SteppedProgressView.swift; sourceTree = "<group>"; };
		635ACCF02BFC8C120012108F /* CustomSteppedProgressView.swift */ = {isa = PBXFileReference; lastKnownFileType = sourcecode.swift; path = CustomSteppedProgressView.swift; sourceTree = "<group>"; };
		635ACCF32BFC8ECE0012108F /* ProgressStepView.swift */ = {isa = PBXFileReference; lastKnownFileType = sourcecode.swift; path = ProgressStepView.swift; sourceTree = "<group>"; };
		635ACCF92BFDDAE90012108F /* ProgressStepViewModel.swift */ = {isa = PBXFileReference; lastKnownFileType = sourcecode.swift; path = ProgressStepViewModel.swift; sourceTree = "<group>"; };
		635ACCFB2BFDF0080012108F /* SteppedProgressViewModel.swift */ = {isa = PBXFileReference; lastKnownFileType = sourcecode.swift; path = SteppedProgressViewModel.swift; sourceTree = "<group>"; };
		635ACD012BFDFAFB0012108F /* en */ = {isa = PBXFileReference; lastKnownFileType = text.plist.strings; name = en; path = en.lproj/Localizable.strings; sourceTree = "<group>"; };
		635ACD0A2BFE02560012108F /* Fonts.swift */ = {isa = PBXFileReference; lastKnownFileType = sourcecode.swift; path = Fonts.swift; sourceTree = "<group>"; };
		635ACD1A2BFE0A430012108F /* Info.plist */ = {isa = PBXFileReference; lastKnownFileType = text.plist; path = Info.plist; sourceTree = "<group>"; };
		635ACD1B2BFF266E0012108F /* NavigationDemoView.swift */ = {isa = PBXFileReference; lastKnownFileType = sourcecode.swift; path = NavigationDemoView.swift; sourceTree = "<group>"; };
		635ACD1D2BFF2AF10012108F /* NavigationDemo15.swift */ = {isa = PBXFileReference; lastKnownFileType = sourcecode.swift; path = NavigationDemo15.swift; sourceTree = "<group>"; };
		635ACD492C058A060012108F /* LivenessVerificationFailedView.swift */ = {isa = PBXFileReference; lastKnownFileType = sourcecode.swift; path = LivenessVerificationFailedView.swift; sourceTree = "<group>"; };
		635ACD4B2C0590080012108F /* LivenessVerificationViewModel.swift */ = {isa = PBXFileReference; lastKnownFileType = sourcecode.swift; path = LivenessVerificationViewModel.swift; sourceTree = "<group>"; };
		635ACD512C05C0E80012108F /* Utils.swift */ = {isa = PBXFileReference; lastKnownFileType = sourcecode.swift; path = Utils.swift; sourceTree = "<group>"; };
		637067022C6087AE00A23C1E /* CreateAccountFlow.swift */ = {isa = PBXFileReference; lastKnownFileType = sourcecode.swift; path = CreateAccountFlow.swift; sourceTree = "<group>"; };
		637067042C6087C000A23C1E /* CreateAccountNameView.swift */ = {isa = PBXFileReference; lastKnownFileType = sourcecode.swift; path = CreateAccountNameView.swift; sourceTree = "<group>"; };
		637067062C60894000A23C1E /* OutlinedTextField.swift */ = {isa = PBXFileReference; lastKnownFileType = sourcecode.swift; path = OutlinedTextField.swift; sourceTree = "<group>"; };
		6370670A2C60AA1B00A23C1E /* BaseView.swift */ = {isa = PBXFileReference; lastKnownFileType = sourcecode.swift; path = BaseView.swift; sourceTree = "<group>"; };
		6370670C2C60BFF900A23C1E /* CreatingAccountView.swift */ = {isa = PBXFileReference; lastKnownFileType = sourcecode.swift; path = CreatingAccountView.swift; sourceTree = "<group>"; };
		6370670E2C60C98B00A23C1E /* AccountCreatedView.swift */ = {isa = PBXFileReference; lastKnownFileType = sourcecode.swift; path = AccountCreatedView.swift; sourceTree = "<group>"; };
		637067102C60CA4200A23C1E /* NavBackButton.swift */ = {isa = PBXFileReference; lastKnownFileType = sourcecode.swift; path = NavBackButton.swift; sourceTree = "<group>"; };
		6370672B2C610C2D00A23C1E /* SelfUISdk.swift */ = {isa = PBXFileReference; lastKnownFileType = sourcecode.swift; path = SelfUISdk.swift; sourceTree = "<group>"; };
		6370672E2C61D68500A23C1E /* en */ = {isa = PBXFileReference; lastKnownFileType = text.plist.strings; name = en; path = en.lproj/Localizable.strings; sourceTree = "<group>"; };
		637301822CA679A100BB0292 /* AvatarView.swift */ = {isa = PBXFileReference; lastKnownFileType = sourcecode.swift; path = AvatarView.swift; sourceTree = "<group>"; };
		637301872CA6C4E800BB0292 /* UIImageWrapperView.swift */ = {isa = PBXFileReference; lastKnownFileType = sourcecode.swift; path = UIImageWrapperView.swift; sourceTree = "<group>"; };
		6373018B2CA7F20A00BB0292 /* NavigationTitleView.swift */ = {isa = PBXFileReference; lastKnownFileType = sourcecode.swift; path = NavigationTitleView.swift; sourceTree = "<group>"; };
		6373018D2CA7F3D500BB0292 /* BaseNavigationBarView.swift */ = {isa = PBXFileReference; lastKnownFileType = sourcecode.swift; path = BaseNavigationBarView.swift; sourceTree = "<group>"; };
		637301912CA8005A00BB0292 /* ChatView.swift */ = {isa = PBXFileReference; lastKnownFileType = sourcecode.swift; path = ChatView.swift; sourceTree = "<group>"; };
		6381C3232BF463E1005573A0 /* CameraView.swift */ = {isa = PBXFileReference; lastKnownFileType = sourcecode.swift; path = CameraView.swift; sourceTree = "<group>"; };
		6381C3262BF47129005573A0 /* CameraPreview.swift */ = {isa = PBXFileReference; lastKnownFileType = sourcecode.swift; path = CameraPreview.swift; sourceTree = "<group>"; };
		6381C32C2BF4ABA0005573A0 /* Example2.app */ = {isa = PBXFileReference; explicitFileType = wrapper.application; includeInIndex = 0; path = Example2.app; sourceTree = BUILT_PRODUCTS_DIR; };
		6381C32E2BF4ABA0005573A0 /* Example2App.swift */ = {isa = PBXFileReference; lastKnownFileType = sourcecode.swift; path = Example2App.swift; sourceTree = "<group>"; };
		6381C3302BF4ABA0005573A0 /* ContentView.swift */ = {isa = PBXFileReference; lastKnownFileType = sourcecode.swift; path = ContentView.swift; sourceTree = "<group>"; };
		6381C3322BF4ABA1005573A0 /* Assets.xcassets */ = {isa = PBXFileReference; lastKnownFileType = folder.assetcatalog; path = Assets.xcassets; sourceTree = "<group>"; };
		6381C3352BF4ABA1005573A0 /* Preview Assets.xcassets */ = {isa = PBXFileReference; lastKnownFileType = folder.assetcatalog; path = "Preview Assets.xcassets"; sourceTree = "<group>"; };
		6381C33A2BF4ACD4005573A0 /* CameraPlaceHolderView.swift */ = {isa = PBXFileReference; lastKnownFileType = sourcecode.swift; path = CameraPlaceHolderView.swift; sourceTree = "<group>"; };
		6381C33C2BF4CB5A005573A0 /* Assets.xcassets */ = {isa = PBXFileReference; lastKnownFileType = folder.assetcatalog; path = Assets.xcassets; sourceTree = "<group>"; };
		6381C33F2BF5BBB7005573A0 /* FaceModel.swift */ = {isa = PBXFileReference; lastKnownFileType = sourcecode.swift; path = FaceModel.swift; sourceTree = "<group>"; };
		6381C3412BF5BC85005573A0 /* CameraViewModel.swift */ = {isa = PBXFileReference; lastKnownFileType = sourcecode.swift; path = CameraViewModel.swift; sourceTree = "<group>"; };
		6381C3B22BF711EC005573A0 /* NavigationContentView.swift */ = {isa = PBXFileReference; lastKnownFileType = sourcecode.swift; path = NavigationContentView.swift; sourceTree = "<group>"; };
		6381C3B42BF72BB1005573A0 /* LivenessIntroView.swift */ = {isa = PBXFileReference; lastKnownFileType = sourcecode.swift; path = LivenessIntroView.swift; sourceTree = "<group>"; };
		6395A8152C5A227000CB44FE /* PinCodeView.swift */ = {isa = PBXFileReference; lastKnownFileType = sourcecode.swift; path = PinCodeView.swift; sourceTree = "<group>"; };
		6395A8172C5A266300CB44FE /* EnterEmailCodeView.swift */ = {isa = PBXFileReference; lastKnownFileType = sourcecode.swift; path = EnterEmailCodeView.swift; sourceTree = "<group>"; };
		6395A8192C5A2CD900CB44FE /* PinEntryView.swift */ = {isa = PBXFileReference; lastKnownFileType = sourcecode.swift; path = PinEntryView.swift; sourceTree = "<group>"; };
		6395A81D2C5A7AD400CB44FE /* VerifyPhoneFlow.swift */ = {isa = PBXFileReference; lastKnownFileType = sourcecode.swift; path = VerifyPhoneFlow.swift; sourceTree = "<group>"; };
		6395A81F2C5A7B9200CB44FE /* VerifyPhoneIntroView.swift */ = {isa = PBXFileReference; lastKnownFileType = sourcecode.swift; path = VerifyPhoneIntroView.swift; sourceTree = "<group>"; };
		6395A8212C5A7CB600CB44FE /* MessageComposeView.swift */ = {isa = PBXFileReference; lastKnownFileType = sourcecode.swift; path = MessageComposeView.swift; sourceTree = "<group>"; };
		6395A8232C5A7D9E00CB44FE /* CustomSmsView.swift */ = {isa = PBXFileReference; lastKnownFileType = sourcecode.swift; path = CustomSmsView.swift; sourceTree = "<group>"; };
		6396B54D2C777159008464FE /* DevOnboardingFlow.swift */ = {isa = PBXFileReference; lastKnownFileType = sourcecode.swift; path = DevOnboardingFlow.swift; sourceTree = "<group>"; };
		63A214322C7CA055008B5E4A /* QRReaderView.swift */ = {isa = PBXFileReference; lastKnownFileType = sourcecode.swift; path = QRReaderView.swift; sourceTree = "<group>"; };
		63A214352C7CAFE8008B5E4A /* HomeView.swift */ = {isa = PBXFileReference; lastKnownFileType = sourcecode.swift; path = HomeView.swift; sourceTree = "<group>"; };
		63A214372C7CB081008B5E4A /* ProfileView.swift */ = {isa = PBXFileReference; lastKnownFileType = sourcecode.swift; path = ProfileView.swift; sourceTree = "<group>"; };
		63A2143A2C7CB0D3008B5E4A /* MessagingView.swift */ = {isa = PBXFileReference; lastKnownFileType = sourcecode.swift; path = MessagingView.swift; sourceTree = "<group>"; };
		63A2143D2C7CB1AB008B5E4A /* DataView.swift */ = {isa = PBXFileReference; lastKnownFileType = sourcecode.swift; path = DataView.swift; sourceTree = "<group>"; };
		63A2143F2C7CB203008B5E4A /* ScanView.swift */ = {isa = PBXFileReference; lastKnownFileType = sourcecode.swift; path = ScanView.swift; sourceTree = "<group>"; };
		63A214422C7CB281008B5E4A /* SettingsView.swift */ = {isa = PBXFileReference; lastKnownFileType = sourcecode.swift; path = SettingsView.swift; sourceTree = "<group>"; };
		63A99AF62C05D0D90073939A /*  SelectDocumentView.swift */ = {isa = PBXFileReference; lastKnownFileType = sourcecode.swift; path = " SelectDocumentView.swift"; sourceTree = "<group>"; };
		63A99AF82C05D8370073939A /* OutlinedButton.swift */ = {isa = PBXFileReference; lastKnownFileType = sourcecode.swift; path = OutlinedButton.swift; sourceTree = "<group>"; };
		63A99AFA2C05D92E0073939A /* FontLoader.swift */ = {isa = PBXFileReference; lastKnownFileType = sourcecode.swift; path = FontLoader.swift; sourceTree = "<group>"; };
		63A99AFD2C05D9910073939A /* Barlow-Regular.ttf */ = {isa = PBXFileReference; lastKnownFileType = file; path = "Barlow-Regular.ttf"; sourceTree = "<group>"; };
		63A99AFE2C05D9910073939A /* Barlow-Light.ttf */ = {isa = PBXFileReference; lastKnownFileType = file; path = "Barlow-Light.ttf"; sourceTree = "<group>"; };
		63A99AFF2C05D9910073939A /* Barlow-Medium.ttf */ = {isa = PBXFileReference; lastKnownFileType = file; path = "Barlow-Medium.ttf"; sourceTree = "<group>"; };
		63A99B002C05D9910073939A /* Barlow-Black.ttf */ = {isa = PBXFileReference; lastKnownFileType = file; path = "Barlow-Black.ttf"; sourceTree = "<group>"; };
		63A99B012C05D9910073939A /* Barlow-SemiBold.ttf */ = {isa = PBXFileReference; lastKnownFileType = file; path = "Barlow-SemiBold.ttf"; sourceTree = "<group>"; };
		63A99B022C05D9910073939A /* Barlow-Bold.ttf */ = {isa = PBXFileReference; lastKnownFileType = file; path = "Barlow-Bold.ttf"; sourceTree = "<group>"; };
		63A99B032C05D9910073939A /* Barlow-Italic.ttf */ = {isa = PBXFileReference; lastKnownFileType = file; path = "Barlow-Italic.ttf"; sourceTree = "<group>"; };
		63A99B0F2C05EA820073939A /* Color.swift */ = {isa = PBXFileReference; lastKnownFileType = sourcecode.swift; path = Color.swift; sourceTree = "<group>"; };
		63A99B112C06DAD20073939A /* PassportCheckChipView.swift */ = {isa = PBXFileReference; lastKnownFileType = sourcecode.swift; path = PassportCheckChipView.swift; sourceTree = "<group>"; };
		63A99B132C071F760073939A /* DocumentSorryView.swift */ = {isa = PBXFileReference; lastKnownFileType = sourcecode.swift; path = DocumentSorryView.swift; sourceTree = "<group>"; };
		63A99B152C07271B0073939A /* LoadingDotsView.swift */ = {isa = PBXFileReference; lastKnownFileType = sourcecode.swift; path = LoadingDotsView.swift; sourceTree = "<group>"; };
		63A99B1E2C0764DA0073939A /* passport_instructions.gif */ = {isa = PBXFileReference; lastKnownFileType = image.gif; path = passport_instructions.gif; sourceTree = "<group>"; };
		63A99B202C07650B0073939A /* GIFView.swift */ = {isa = PBXFileReference; lastKnownFileType = sourcecode.swift; path = GIFView.swift; sourceTree = "<group>"; };
		63A99B222C07656D0073939A /* ReadingPassportChipInstructionView.swift */ = {isa = PBXFileReference; lastKnownFileType = sourcecode.swift; path = ReadingPassportChipInstructionView.swift; sourceTree = "<group>"; };
		63A99B242C0830990073939A /* PassportMRZView.swift */ = {isa = PBXFileReference; lastKnownFileType = sourcecode.swift; path = PassportMRZView.swift; sourceTree = "<group>"; };
		63A99B262C0860A60073939A /* TransparentHoleView.swift */ = {isa = PBXFileReference; lastKnownFileType = sourcecode.swift; path = TransparentHoleView.swift; sourceTree = "<group>"; };
		63A99B282C08692D0073939A /* MRZOverlayView.swift */ = {isa = PBXFileReference; lastKnownFileType = sourcecode.swift; path = MRZOverlayView.swift; sourceTree = "<group>"; };
		63A99B2A2C0881140073939A /* PassportMRZReaderView.swift */ = {isa = PBXFileReference; lastKnownFileType = sourcecode.swift; path = PassportMRZReaderView.swift; sourceTree = "<group>"; };
		63A99B2C2C08908A0073939A /* MRZInfo.swift */ = {isa = PBXFileReference; lastKnownFileType = sourcecode.swift; path = MRZInfo.swift; sourceTree = "<group>"; };
		63A99B312C08B7970073939A /* PassportIntroductionView.swift */ = {isa = PBXFileReference; lastKnownFileType = sourcecode.swift; path = PassportIntroductionView.swift; sourceTree = "<group>"; };
		63A99B332C08B9330073939A /* DocumentType.swift */ = {isa = PBXFileReference; lastKnownFileType = sourcecode.swift; path = DocumentType.swift; sourceTree = "<group>"; };
		63A99B4A2C09C2C10073939A /* start_scan.gif */ = {isa = PBXFileReference; lastKnownFileType = image.gif; path = start_scan.gif; sourceTree = "<group>"; };
		63A99B4C2C09C3930073939A /* PassportStartScanView.swift */ = {isa = PBXFileReference; lastKnownFileType = sourcecode.swift; path = PassportStartScanView.swift; sourceTree = "<group>"; };
		63A99B4E2C09E9C80073939A /* PassportReadingChipView.swift */ = {isa = PBXFileReference; lastKnownFileType = sourcecode.swift; path = PassportReadingChipView.swift; sourceTree = "<group>"; };
		63A99B582C0D66DD0073939A /* PassportMRZFieldsManuallyView.swift */ = {isa = PBXFileReference; lastKnownFileType = sourcecode.swift; path = PassportMRZFieldsManuallyView.swift; sourceTree = "<group>"; };
		63A99B622C0D6CE40073939A /* CustomTextField.swift */ = {isa = PBXFileReference; lastKnownFileType = sourcecode.swift; path = CustomTextField.swift; sourceTree = "<group>"; };
		63AB34D02CAECDA200B27E75 /* MessageTextCell.swift */ = {isa = PBXFileReference; lastKnownFileType = sourcecode.swift; path = MessageTextCell.swift; sourceTree = "<group>"; };
		63AB34D22CAECDD300B27E75 /* StatusTimeView.swift */ = {isa = PBXFileReference; lastKnownFileType = sourcecode.swift; path = StatusTimeView.swift; sourceTree = "<group>"; };
		63AB34D52CAECF8600B27E75 /* RoundedCorner.swift */ = {isa = PBXFileReference; lastKnownFileType = sourcecode.swift; path = RoundedCorner.swift; sourceTree = "<group>"; };
		63AB90782CA94E6500835D53 /* MessageComposerView.swift */ = {isa = PBXFileReference; lastKnownFileType = sourcecode.swift; path = MessageComposerView.swift; sourceTree = "<group>"; };
		63B1DA2D2C78715D002782AB /* OnboardingSurveyView.swift */ = {isa = PBXFileReference; lastKnownFileType = sourcecode.swift; path = OnboardingSurveyView.swift; sourceTree = "<group>"; };
		63B1DA2F2C787F9D002782AB /* SF-Pro.ttf */ = {isa = PBXFileReference; lastKnownFileType = file; path = "SF-Pro.ttf"; sourceTree = "<group>"; };
		63C03E672C528703009E385E /* WelcomeView.swift */ = {isa = PBXFileReference; lastKnownFileType = sourcecode.swift; path = WelcomeView.swift; sourceTree = "<group>"; };
		63C03E692C535E9C009E385E /* PagingView.swift */ = {isa = PBXFileReference; lastKnownFileType = sourcecode.swift; path = PagingView.swift; sourceTree = "<group>"; };
		63C03E6B2C539517009E385E /* OnboardingFlow.swift */ = {isa = PBXFileReference; lastKnownFileType = sourcecode.swift; path = OnboardingFlow.swift; sourceTree = "<group>"; };
		63C451642BF30EAE00AD5BC5 /* SelfUI.framework */ = {isa = PBXFileReference; explicitFileType = wrapper.framework; includeInIndex = 0; path = SelfUI.framework; sourceTree = BUILT_PRODUCTS_DIR; };
		63C451672BF30EAE00AD5BC5 /* SelfUI.h */ = {isa = PBXFileReference; lastKnownFileType = sourcecode.c.h; path = SelfUI.h; sourceTree = "<group>"; };
		63C4516C2BF30EAE00AD5BC5 /* SelfUITests.xctest */ = {isa = PBXFileReference; explicitFileType = wrapper.cfbundle; includeInIndex = 0; path = SelfUITests.xctest; sourceTree = BUILT_PRODUCTS_DIR; };
		63C451712BF30EAE00AD5BC5 /* SelfUITests.swift */ = {isa = PBXFileReference; lastKnownFileType = sourcecode.swift; path = SelfUITests.swift; sourceTree = "<group>"; };
		63C451982BF33D5300AD5BC5 /* Example.app */ = {isa = PBXFileReference; explicitFileType = wrapper.application; includeInIndex = 0; path = Example.app; sourceTree = BUILT_PRODUCTS_DIR; };
		63C4519A2BF33D5300AD5BC5 /* ExampleApp.swift */ = {isa = PBXFileReference; lastKnownFileType = sourcecode.swift; path = ExampleApp.swift; sourceTree = "<group>"; };
		63C4519C2BF33D5300AD5BC5 /* ContentView.swift */ = {isa = PBXFileReference; lastKnownFileType = sourcecode.swift; path = ContentView.swift; sourceTree = "<group>"; };
		63C4519E2BF33D5500AD5BC5 /* Assets.xcassets */ = {isa = PBXFileReference; lastKnownFileType = folder.assetcatalog; path = Assets.xcassets; sourceTree = "<group>"; };
		63C451A12BF33D5500AD5BC5 /* Preview Assets.xcassets */ = {isa = PBXFileReference; lastKnownFileType = folder.assetcatalog; path = "Preview Assets.xcassets"; sourceTree = "<group>"; };
		63C451A62BF33F6100AD5BC5 /* PageContentView.swift */ = {isa = PBXFileReference; lastKnownFileType = sourcecode.swift; path = PageContentView.swift; sourceTree = "<group>"; };
		63D0D0422BF395D8002658AA /* LivenessView.swift */ = {isa = PBXFileReference; lastKnownFileType = sourcecode.swift; path = LivenessView.swift; sourceTree = "<group>"; };
		63D66AD52C58C8E80094E55D /* Configuration+Theme+Style.swift */ = {isa = PBXFileReference; lastKnownFileType = sourcecode.swift; path = "Configuration+Theme+Style.swift"; sourceTree = "<group>"; };
		63D66AE02C59236D0094E55D /* EmailVerificationFlow.swift */ = {isa = PBXFileReference; lastKnownFileType = sourcecode.swift; path = EmailVerificationFlow.swift; sourceTree = "<group>"; };
		63D66AE22C5924BE0094E55D /* EmailIntroView.swift */ = {isa = PBXFileReference; lastKnownFileType = sourcecode.swift; path = EmailIntroView.swift; sourceTree = "<group>"; };
		63D66AE42C59CFF30094E55D /* CustomProgressView.swift */ = {isa = PBXFileReference; lastKnownFileType = sourcecode.swift; path = CustomProgressView.swift; sourceTree = "<group>"; };
		63D66AE62C59E4360094E55D /* EnterEmailView.swift */ = {isa = PBXFileReference; lastKnownFileType = sourcecode.swift; path = EnterEmailView.swift; sourceTree = "<group>"; };
		63E2C3A22C7DC9D300056E9B /* QRCodeOverlayView.swift */ = {isa = PBXFileReference; lastKnownFileType = sourcecode.swift; path = QRCodeOverlayView.swift; sourceTree = "<group>"; };
		63E2C3A42C7DD54000056E9B /* QRCodeScannerView.swift */ = {isa = PBXFileReference; lastKnownFileType = sourcecode.swift; path = QRCodeScannerView.swift; sourceTree = "<group>"; };
/* End PBXFileReference section */

/* Begin PBXFrameworksBuildPhase section */
		6381C3292BF4ABA0005573A0 /* Frameworks */ = {
			isa = PBXFrameworksBuildPhase;
			buildActionMask = 2147483647;
			files = (
			);
			runOnlyForDeploymentPostprocessing = 0;
		};
		63C451612BF30EAE00AD5BC5 /* Frameworks */ = {
			isa = PBXFrameworksBuildPhase;
			buildActionMask = 2147483647;
			files = (
				63A99B1D2C07648C0073939A /* FLAnimatedImage in Frameworks */,
			);
			runOnlyForDeploymentPostprocessing = 0;
		};
		63C451692BF30EAE00AD5BC5 /* Frameworks */ = {
			isa = PBXFrameworksBuildPhase;
			buildActionMask = 2147483647;
			files = (
				63C4516D2BF30EAE00AD5BC5 /* SelfUI.framework in Frameworks */,
			);
			runOnlyForDeploymentPostprocessing = 0;
		};
		63C451952BF33D5300AD5BC5 /* Frameworks */ = {
			isa = PBXFrameworksBuildPhase;
			buildActionMask = 2147483647;
			files = (
				6381C31E2BF4463A005573A0 /* SelfUI.framework in Frameworks */,
			);
			runOnlyForDeploymentPostprocessing = 0;
		};
/* End PBXFrameworksBuildPhase section */

/* Begin PBXGroup section */
		50589965766D1D0375D47A73 /* Pods */ = {
			isa = PBXGroup;
			children = (
			);
			path = Pods;
			sourceTree = "<group>";
		};
		6320F4F62BFB578D00C35808 /* Components */ = {
			isa = PBXGroup;
			children = (
				634878D22BF7488900E50DE1 /* BrandView.swift */,
				634878D42BF7619F00E50DE1 /* ButtonView.swift */,
				63A99AF82C05D8370073939A /* OutlinedButton.swift */,
				6320F4F72BFB57DE00C35808 /* TipsSelfie.swift */,
				635ACCF02BFC8C120012108F /* CustomSteppedProgressView.swift */,
				63A99B152C07271B0073939A /* LoadingDotsView.swift */,
				63554DE72CA1789600DF55D2 /* LoadingView.swift */,
				633F7FF52C53B54100BC2B06 /* CustomPageIndicator.swift */,
				63A99B202C07650B0073939A /* GIFView.swift */,
				63A99B262C0860A60073939A /* TransparentHoleView.swift */,
				63A99B282C08692D0073939A /* MRZOverlayView.swift */,
				63E2C3A22C7DC9D300056E9B /* QRCodeOverlayView.swift */,
				63A99B622C0D6CE40073939A /* CustomTextField.swift */,
				634CEE812C7B19E2008CD5B8 /* BannerView.swift */,
				63554DD72CA139CD00DF55D2 /* OutlineTextField.swift */,
				6373018B2CA7F20A00BB0292 /* NavigationTitleView.swift */,
				6373018D2CA7F3D500BB0292 /* BaseNavigationBarView.swift */,
				63AB34D72CAED50A00B27E75 /* Shape */,
				637301862CA6C4C100BB0292 /* BottomTab */,
			);
			path = Components;
			sourceTree = "<group>";
		};
		632AF9F82CAFCCC00036F294 /* DTO */ = {
			isa = PBXGroup;
			children = (
				632AF9F92CAFCCE40036F294 /* MessageDTO.swift */,
			);
			path = DTO;
			sourceTree = "<group>";
		};
		632AFA012CAFF6840036F294 /* UIKit Wrapper */ = {
			isa = PBXGroup;
			children = (
				632AFA022CAFF69B0036F294 /* ImagePicker.swift */,
			);
			path = "UIKit Wrapper";
			sourceTree = "<group>";
		};
		635ACCF22BFC8EAE0012108F /* ProgressView */ = {
			isa = PBXGroup;
			children = (
				635ACCF32BFC8ECE0012108F /* ProgressStepView.swift */,
				635ACCF92BFDDAE90012108F /* ProgressStepViewModel.swift */,
				635ACCEC2BFC813B0012108F /* SteppedProgressView.swift */,
				635ACCFB2BFDF0080012108F /* SteppedProgressViewModel.swift */,
				63D66AE42C59CFF30094E55D /* CustomProgressView.swift */,
				637067062C60894000A23C1E /* OutlinedTextField.swift */,
				637067102C60CA4200A23C1E /* NavBackButton.swift */,
			);
			path = ProgressView;
			sourceTree = "<group>";
		};
		637067242C60EA1A00A23C1E /* Resources */ = {
			isa = PBXGroup;
			children = (
				6370672F2C61D68500A23C1E /* Localizable.strings */,
			);
			path = Resources;
			sourceTree = "<group>";
		};
		637301862CA6C4C100BB0292 /* BottomTab */ = {
			isa = PBXGroup;
			children = (
				6351DF092CA4FF7B00976552 /* BottomTab.swift */,
				637301872CA6C4E800BB0292 /* UIImageWrapperView.swift */,
			);
			path = BottomTab;
			sourceTree = "<group>";
		};
		6381C32D2BF4ABA0005573A0 /* Example2 */ = {
			isa = PBXGroup;
			children = (
				6381C32E2BF4ABA0005573A0 /* Example2App.swift */,
				6381C3B22BF711EC005573A0 /* NavigationContentView.swift */,
				6381C3B42BF72BB1005573A0 /* LivenessIntroView.swift */,
				6381C3302BF4ABA0005573A0 /* ContentView.swift */,
				6381C33A2BF4ACD4005573A0 /* CameraPlaceHolderView.swift */,
				6381C3322BF4ABA1005573A0 /* Assets.xcassets */,
				6381C3342BF4ABA1005573A0 /* Preview Content */,
			);
			path = Example2;
			sourceTree = "<group>";
		};
		6381C3342BF4ABA1005573A0 /* Preview Content */ = {
			isa = PBXGroup;
			children = (
				6381C3352BF4ABA1005573A0 /* Preview Assets.xcassets */,
			);
			path = "Preview Content";
			sourceTree = "<group>";
		};
		6381C3432BF5C261005573A0 /* Utils */ = {
			isa = PBXGroup;
			children = (
				6320F4FD2BFC4A4000C35808 /* Extensions.swift */,
				635ACD0A2BFE02560012108F /* Fonts.swift */,
				635ACD512C05C0E80012108F /* Utils.swift */,
				63A99B0F2C05EA820073939A /* Color.swift */,
				63A99AFA2C05D92E0073939A /* FontLoader.swift */,
			);
			path = Utils;
			sourceTree = "<group>";
		};
		6381C3B62BF731EB005573A0 /* Liveness */ = {
			isa = PBXGroup;
			children = (
				634878D02BF73AA300E50DE1 /* LivenessFlow.swift */,
				634878CE2BF739EB00E50DE1 /* LivenessIntroductionView.swift */,
				632A1DC42BF76B4900959663 /* CameraOvelayView.swift */,
				63D0D0422BF395D8002658AA /* LivenessView.swift */,
				6320F4F92BFC42EC00C35808 /* LivenessOverlayViewModel.swift */,
				6320F4F42BFB307100C35808 /* LivenessCameraView.swift */,
				635ACD492C058A060012108F /* LivenessVerificationFailedView.swift */,
				635ACD4B2C0590080012108F /* LivenessVerificationViewModel.swift */,
			);
			path = Liveness;
			sourceTree = "<group>";
		};
		6395A81B2C5A7A9B00CB44FE /* Phone */ = {
			isa = PBXGroup;
			children = (
				6395A81D2C5A7AD400CB44FE /* VerifyPhoneFlow.swift */,
				6395A81F2C5A7B9200CB44FE /* VerifyPhoneIntroView.swift */,
				6395A8232C5A7D9E00CB44FE /* CustomSmsView.swift */,
				6395A8212C5A7CB600CB44FE /* MessageComposeView.swift */,
			);
			path = Phone;
			sourceTree = "<group>";
		};
		6395A81C2C5A7AAA00CB44FE /* Create account */ = {
			isa = PBXGroup;
			children = (
				637067022C6087AE00A23C1E /* CreateAccountFlow.swift */,
				637067042C6087C000A23C1E /* CreateAccountNameView.swift */,
				6370670C2C60BFF900A23C1E /* CreatingAccountView.swift */,
				6370670E2C60C98B00A23C1E /* AccountCreatedView.swift */,
				634CEE832C7C1AD2008CD5B8 /* ScanLoginQRCodeView.swift */,
			);
			path = "Create account";
			sourceTree = "<group>";
		};
		63A2142E2C7C9ED4008B5E4A /* QRReader */ = {
			isa = PBXGroup;
			children = (
				63E2C3A42C7DD54000056E9B /* QRCodeScannerView.swift */,
				63A214322C7CA055008B5E4A /* QRReaderView.swift */,
				63A2143F2C7CB203008B5E4A /* ScanView.swift */,
			);
			path = QRReader;
			sourceTree = "<group>";
		};
		63A2142F2C7C9EDB008B5E4A /* Profile */ = {
			isa = PBXGroup;
			children = (
				63A214372C7CB081008B5E4A /* ProfileView.swift */,
				632AF9FF2CAFF5950036F294 /* UserDetailView.swift */,
			);
			path = Profile;
			sourceTree = "<group>";
		};
		63A214342C7CAFC7008B5E4A /* Home */ = {
			isa = PBXGroup;
			children = (
				63A214352C7CAFE8008B5E4A /* HomeView.swift */,
			);
			path = Home;
			sourceTree = "<group>";
		};
		63A214392C7CB0BD008B5E4A /* Messaging */ = {
			isa = PBXGroup;
			children = (
				63AB34D42CAECE4E00B27E75 /* Cells */,
				637301822CA679A100BB0292 /* AvatarView.swift */,
				63A2143A2C7CB0D3008B5E4A /* MessagingView.swift */,
				6351DF182CA5384A00976552 /* MessageListCell.swift */,
				637301912CA8005A00BB0292 /* ChatView.swift */,
				631D10E82CABF91E00DA1376 /* KeyboardResponder.swift */,
				63AB90782CA94E6500835D53 /* MessageComposerView.swift */,
			);
			path = Messaging;
			sourceTree = "<group>";
		};
		63A2143C2C7CB19E008B5E4A /* Data */ = {
			isa = PBXGroup;
			children = (
				63A2143D2C7CB1AB008B5E4A /* DataView.swift */,
			);
			path = Data;
			sourceTree = "<group>";
		};
		63A214412C7CB273008B5E4A /* Settings */ = {
			isa = PBXGroup;
			children = (
				63A214422C7CB281008B5E4A /* SettingsView.swift */,
			);
			path = Settings;
			sourceTree = "<group>";
		};
		63A99AF52C05CA400073939A /* Documents */ = {
			isa = PBXGroup;
			children = (
				63A99B332C08B9330073939A /* DocumentType.swift */,
				63A99AF62C05D0D90073939A /*  SelectDocumentView.swift */,
				63A99B312C08B7970073939A /* PassportIntroductionView.swift */,
				63A99B132C071F760073939A /* DocumentSorryView.swift */,
				63A99B112C06DAD20073939A /* PassportCheckChipView.swift */,
				63A99B222C07656D0073939A /* ReadingPassportChipInstructionView.swift */,
				63A99B242C0830990073939A /* PassportMRZView.swift */,
				63A99B2A2C0881140073939A /* PassportMRZReaderView.swift */,
				63A99B2C2C08908A0073939A /* MRZInfo.swift */,
				63A99B4C2C09C3930073939A /* PassportStartScanView.swift */,
				63A99B4E2C09E9C80073939A /* PassportReadingChipView.swift */,
				63A99B582C0D66DD0073939A /* PassportMRZFieldsManuallyView.swift */,
			);
			path = Documents;
			sourceTree = "<group>";
		};
		63A99AFC2C05D95A0073939A /* Resources */ = {
			isa = PBXGroup;
			children = (
				6351DF132CA5106100976552 /* ic_data.svg */,
				6351DF112CA5105300976552 /* ic_data_pdf.pdf */,
				63A99B002C05D9910073939A /* Barlow-Black.ttf */,
				63A99B022C05D9910073939A /* Barlow-Bold.ttf */,
				63A99B032C05D9910073939A /* Barlow-Italic.ttf */,
				63A99AFE2C05D9910073939A /* Barlow-Light.ttf */,
				63A99AFF2C05D9910073939A /* Barlow-Medium.ttf */,
				63A99AFD2C05D9910073939A /* Barlow-Regular.ttf */,
				63A99B012C05D9910073939A /* Barlow-SemiBold.ttf */,
				63B1DA2F2C787F9D002782AB /* SF-Pro.ttf */,
				63A99B1E2C0764DA0073939A /* passport_instructions.gif */,
				63A99B4A2C09C2C10073939A /* start_scan.gif */,
				635ACD022BFDFAFB0012108F /* Localizable.strings */,
			);
			path = Resources;
			sourceTree = "<group>";
		};
		63AB34D42CAECE4E00B27E75 /* Cells */ = {
			isa = PBXGroup;
			children = (
				63AB34D02CAECDA200B27E75 /* MessageTextCell.swift */,
				63AB34D22CAECDD300B27E75 /* StatusTimeView.swift */,
			);
			path = Cells;
			sourceTree = "<group>";
		};
		63AB34D72CAED50A00B27E75 /* Shape */ = {
			isa = PBXGroup;
			children = (
				63AB34D52CAECF8600B27E75 /* RoundedCorner.swift */,
			);
			path = Shape;
			sourceTree = "<group>";
		};
		63C03E662C5286D5009E385E /* Onboarding */ = {
			isa = PBXGroup;
			children = (
				63C03E6B2C539517009E385E /* OnboardingFlow.swift */,
				6396B54D2C777159008464FE /* DevOnboardingFlow.swift */,
				63C03E672C528703009E385E /* WelcomeView.swift */,
				63C03E692C535E9C009E385E /* PagingView.swift */,
				63C451A62BF33F6100AD5BC5 /* PageContentView.swift */,
				633F7FF92C578FBE00BC2B06 /* ThankYouView.swift */,
				63B1DA2D2C78715D002782AB /* OnboardingSurveyView.swift */,
			);
			path = Onboarding;
			sourceTree = "<group>";
		};
		63C4515A2BF30EAD00AD5BC5 = {
			isa = PBXGroup;
			children = (
				6370672B2C610C2D00A23C1E /* SelfUISdk.swift */,
				635ACCF22BFC8EAE0012108F /* ProgressView */,
				6320F4F62BFB578D00C35808 /* Components */,
				63C451662BF30EAE00AD5BC5 /* SelfUI */,
				63C451702BF30EAE00AD5BC5 /* SelfUITests */,
				63C451992BF33D5300AD5BC5 /* Example */,
				6381C32D2BF4ABA0005573A0 /* Example2 */,
				63C451652BF30EAE00AD5BC5 /* Products */,
				50589965766D1D0375D47A73 /* Pods */,
			);
			sourceTree = "<group>";
		};
		63C451652BF30EAE00AD5BC5 /* Products */ = {
			isa = PBXGroup;
			children = (
				63C451642BF30EAE00AD5BC5 /* SelfUI.framework */,
				63C4516C2BF30EAE00AD5BC5 /* SelfUITests.xctest */,
				63C451982BF33D5300AD5BC5 /* Example.app */,
				6381C32C2BF4ABA0005573A0 /* Example2.app */,
			);
			name = Products;
			sourceTree = "<group>";
		};
		63C451662BF30EAE00AD5BC5 /* SelfUI */ = {
			isa = PBXGroup;
			children = (
				632AFA012CAFF6840036F294 /* UIKit Wrapper */,
				632AF9F82CAFCCC00036F294 /* DTO */,
				63A214342C7CAFC7008B5E4A /* Home */,
				63A214412C7CB273008B5E4A /* Settings */,
				63A214392C7CB0BD008B5E4A /* Messaging */,
				63A2143C2C7CB19E008B5E4A /* Data */,
				63A2142F2C7C9EDB008B5E4A /* Profile */,
				63A2142E2C7C9ED4008B5E4A /* QRReader */,
				6395A81C2C5A7AAA00CB44FE /* Create account */,
				6395A81B2C5A7A9B00CB44FE /* Phone */,
				63D66ADF2C5923400094E55D /* Emails */,
				63C03E662C5286D5009E385E /* Onboarding */,
				63A99AF52C05CA400073939A /* Documents */,
				635ACD1A2BFE0A430012108F /* Info.plist */,
				6381C3B62BF731EB005573A0 /* Liveness */,
				6381C3432BF5C261005573A0 /* Utils */,
				63C451672BF30EAE00AD5BC5 /* SelfUI.h */,
				6381C33F2BF5BBB7005573A0 /* FaceModel.swift */,
				6381C3232BF463E1005573A0 /* CameraView.swift */,
				6381C3412BF5BC85005573A0 /* CameraViewModel.swift */,
				6381C3262BF47129005573A0 /* CameraPreview.swift */,
				63D66AD52C58C8E80094E55D /* Configuration+Theme+Style.swift */,
				6370670A2C60AA1B00A23C1E /* BaseView.swift */,
				6381C33C2BF4CB5A005573A0 /* Assets.xcassets */,
				63A99AFC2C05D95A0073939A /* Resources */,
			);
			path = SelfUI;
			sourceTree = "<group>";
		};
		63C451702BF30EAE00AD5BC5 /* SelfUITests */ = {
			isa = PBXGroup;
			children = (
				63C451712BF30EAE00AD5BC5 /* SelfUITests.swift */,
			);
			path = SelfUITests;
			sourceTree = "<group>";
		};
		63C451992BF33D5300AD5BC5 /* Example */ = {
			isa = PBXGroup;
			children = (
				637067242C60EA1A00A23C1E /* Resources */,
				63C4519A2BF33D5300AD5BC5 /* ExampleApp.swift */,
				63C4519C2BF33D5300AD5BC5 /* ContentView.swift */,
				635ACD1B2BFF266E0012108F /* NavigationDemoView.swift */,
				635ACD1D2BFF2AF10012108F /* NavigationDemo15.swift */,
				63C4519E2BF33D5500AD5BC5 /* Assets.xcassets */,
				63C451A02BF33D5500AD5BC5 /* Preview Content */,
			);
			path = Example;
			sourceTree = "<group>";
		};
		63C451A02BF33D5500AD5BC5 /* Preview Content */ = {
			isa = PBXGroup;
			children = (
				63C451A12BF33D5500AD5BC5 /* Preview Assets.xcassets */,
			);
			path = "Preview Content";
			sourceTree = "<group>";
		};
		63D66ADF2C5923400094E55D /* Emails */ = {
			isa = PBXGroup;
			children = (
				63D66AE02C59236D0094E55D /* EmailVerificationFlow.swift */,
				63D66AE22C5924BE0094E55D /* EmailIntroView.swift */,
				6329EC892C5CC6C7002D3779 /* EmailVerificationFailedView.swift */,
				63D66AE62C59E4360094E55D /* EnterEmailView.swift */,
				6395A8172C5A266300CB44FE /* EnterEmailCodeView.swift */,
				6395A8152C5A227000CB44FE /* PinCodeView.swift */,
				6395A8192C5A2CD900CB44FE /* PinEntryView.swift */,
				6329EC872C5C9DB4002D3779 /* CustomAlert.swift */,
			);
			path = Emails;
			sourceTree = "<group>";
		};
/* End PBXGroup section */

/* Begin PBXHeadersBuildPhase section */
		63C4515F2BF30EAE00AD5BC5 /* Headers */ = {
			isa = PBXHeadersBuildPhase;
			buildActionMask = 2147483647;
			files = (
				63C451732BF30EAE00AD5BC5 /* SelfUI.h in Headers */,
			);
			runOnlyForDeploymentPostprocessing = 0;
		};
/* End PBXHeadersBuildPhase section */

/* Begin PBXNativeTarget section */
		6381C32B2BF4ABA0005573A0 /* Example2 */ = {
			isa = PBXNativeTarget;
			buildConfigurationList = 6381C3372BF4ABA1005573A0 /* Build configuration list for PBXNativeTarget "Example2" */;
			buildPhases = (
				6381C3282BF4ABA0005573A0 /* Sources */,
				6381C3292BF4ABA0005573A0 /* Frameworks */,
				6381C32A2BF4ABA0005573A0 /* Resources */,
			);
			buildRules = (
			);
			dependencies = (
			);
			name = Example2;
			productName = Example2;
			productReference = 6381C32C2BF4ABA0005573A0 /* Example2.app */;
			productType = "com.apple.product-type.application";
		};
		63C451632BF30EAE00AD5BC5 /* SelfUI */ = {
			isa = PBXNativeTarget;
			buildConfigurationList = 63C451762BF30EAE00AD5BC5 /* Build configuration list for PBXNativeTarget "SelfUI" */;
			buildPhases = (
				63C4515F2BF30EAE00AD5BC5 /* Headers */,
				63C451602BF30EAE00AD5BC5 /* Sources */,
				63C451612BF30EAE00AD5BC5 /* Frameworks */,
				63C451622BF30EAE00AD5BC5 /* Resources */,
			);
			buildRules = (
			);
			dependencies = (
			);
			name = SelfUI;
			packageProductDependencies = (
				63A99B1C2C07648C0073939A /* FLAnimatedImage */,
			);
			productName = SelfUI;
			productReference = 63C451642BF30EAE00AD5BC5 /* SelfUI.framework */;
			productType = "com.apple.product-type.framework";
		};
		63C4516B2BF30EAE00AD5BC5 /* SelfUITests */ = {
			isa = PBXNativeTarget;
			buildConfigurationList = 63C451792BF30EAE00AD5BC5 /* Build configuration list for PBXNativeTarget "SelfUITests" */;
			buildPhases = (
				63C451682BF30EAE00AD5BC5 /* Sources */,
				63C451692BF30EAE00AD5BC5 /* Frameworks */,
				63C4516A2BF30EAE00AD5BC5 /* Resources */,
			);
			buildRules = (
			);
			dependencies = (
				63C4516F2BF30EAE00AD5BC5 /* PBXTargetDependency */,
			);
			name = SelfUITests;
			productName = SelfUITests;
			productReference = 63C4516C2BF30EAE00AD5BC5 /* SelfUITests.xctest */;
			productType = "com.apple.product-type.bundle.unit-test";
		};
		63C451972BF33D5300AD5BC5 /* Example */ = {
			isa = PBXNativeTarget;
			buildConfigurationList = 63C451A32BF33D5500AD5BC5 /* Build configuration list for PBXNativeTarget "Example" */;
			buildPhases = (
				63C451942BF33D5300AD5BC5 /* Sources */,
				63C451952BF33D5300AD5BC5 /* Frameworks */,
				63C451962BF33D5300AD5BC5 /* Resources */,
				6381C3222BF4463A005573A0 /* Embed Frameworks */,
			);
			buildRules = (
			);
			dependencies = (
				63C451A92BF33FD200AD5BC5 /* PBXTargetDependency */,
				6381C3212BF4463A005573A0 /* PBXTargetDependency */,
			);
			name = Example;
			productName = Example;
			productReference = 63C451982BF33D5300AD5BC5 /* Example.app */;
			productType = "com.apple.product-type.application";
		};
/* End PBXNativeTarget section */

/* Begin PBXProject section */
		63C4515B2BF30EAD00AD5BC5 /* Project object */ = {
			isa = PBXProject;
			attributes = {
				BuildIndependentTargetsInParallel = 1;
				LastSwiftUpdateCheck = 1520;
				LastUpgradeCheck = 1520;
				TargetAttributes = {
					6381C32B2BF4ABA0005573A0 = {
						CreatedOnToolsVersion = 15.2;
					};
					63C451632BF30EAE00AD5BC5 = {
						CreatedOnToolsVersion = 15.2;
						LastSwiftMigration = 1520;
					};
					63C4516B2BF30EAE00AD5BC5 = {
						CreatedOnToolsVersion = 15.2;
					};
					63C451972BF33D5300AD5BC5 = {
						CreatedOnToolsVersion = 15.2;
					};
				};
			};
			buildConfigurationList = 63C4515E2BF30EAD00AD5BC5 /* Build configuration list for PBXProject "SelfUI" */;
			compatibilityVersion = "Xcode 14.0";
			developmentRegion = en;
			hasScannedForEncodings = 0;
			knownRegions = (
				en,
				Base,
			);
			mainGroup = 63C4515A2BF30EAD00AD5BC5;
			packageReferences = (
				63A99B1B2C07648C0073939A /* XCRemoteSwiftPackageReference "FLAnimatedImage" */,
			);
			productRefGroup = 63C451652BF30EAE00AD5BC5 /* Products */;
			projectDirPath = "";
			projectRoot = "";
			targets = (
				63C451632BF30EAE00AD5BC5 /* SelfUI */,
				63C4516B2BF30EAE00AD5BC5 /* SelfUITests */,
				63C451972BF33D5300AD5BC5 /* Example */,
				6381C32B2BF4ABA0005573A0 /* Example2 */,
			);
		};
/* End PBXProject section */

/* Begin PBXResourcesBuildPhase section */
		6381C32A2BF4ABA0005573A0 /* Resources */ = {
			isa = PBXResourcesBuildPhase;
			buildActionMask = 2147483647;
			files = (
				6381C3362BF4ABA1005573A0 /* Preview Assets.xcassets in Resources */,
				6381C3332BF4ABA1005573A0 /* Assets.xcassets in Resources */,
			);
			runOnlyForDeploymentPostprocessing = 0;
		};
		63C451622BF30EAE00AD5BC5 /* Resources */ = {
			isa = PBXResourcesBuildPhase;
			buildActionMask = 2147483647;
			files = (
				63A99B092C05D9910073939A /* Barlow-Bold.ttf in Resources */,
				63B1DA302C787F9D002782AB /* SF-Pro.ttf in Resources */,
				63A99B4B2C09C2C10073939A /* start_scan.gif in Resources */,
				63A99B052C05D9910073939A /* Barlow-Light.ttf in Resources */,
				63A99B062C05D9910073939A /* Barlow-Medium.ttf in Resources */,
				6381C33D2BF4CB5A005573A0 /* Assets.xcassets in Resources */,
				63A99B042C05D9910073939A /* Barlow-Regular.ttf in Resources */,
				6351DF122CA5105300976552 /* ic_data_pdf.pdf in Resources */,
				6351DF142CA5106100976552 /* ic_data.svg in Resources */,
				63A99B1F2C0764DA0073939A /* passport_instructions.gif in Resources */,
				63A99B0A2C05D9910073939A /* Barlow-Italic.ttf in Resources */,
				635ACD002BFDFAFB0012108F /* Localizable.strings in Resources */,
				63A99B082C05D9910073939A /* Barlow-SemiBold.ttf in Resources */,
				63A99B072C05D9910073939A /* Barlow-Black.ttf in Resources */,
			);
			runOnlyForDeploymentPostprocessing = 0;
		};
		63C4516A2BF30EAE00AD5BC5 /* Resources */ = {
			isa = PBXResourcesBuildPhase;
			buildActionMask = 2147483647;
			files = (
			);
			runOnlyForDeploymentPostprocessing = 0;
		};
		63C451962BF33D5300AD5BC5 /* Resources */ = {
			isa = PBXResourcesBuildPhase;
			buildActionMask = 2147483647;
			files = (
				63C451A22BF33D5500AD5BC5 /* Preview Assets.xcassets in Resources */,
				6370672D2C61D68500A23C1E /* Localizable.strings in Resources */,
				63C4519F2BF33D5500AD5BC5 /* Assets.xcassets in Resources */,
			);
			runOnlyForDeploymentPostprocessing = 0;
		};
/* End PBXResourcesBuildPhase section */

/* Begin PBXSourcesBuildPhase section */
		6381C3282BF4ABA0005573A0 /* Sources */ = {
			isa = PBXSourcesBuildPhase;
			buildActionMask = 2147483647;
			files = (
				6381C3B32BF711EC005573A0 /* NavigationContentView.swift in Sources */,
				6381C3B82BF733C7005573A0 /* LivenessIntroView.swift in Sources */,
				6381C3312BF4ABA0005573A0 /* ContentView.swift in Sources */,
				6381C33B2BF4ACD4005573A0 /* CameraPlaceHolderView.swift in Sources */,
				6381C32F2BF4ABA0005573A0 /* Example2App.swift in Sources */,
			);
			runOnlyForDeploymentPostprocessing = 0;
		};
		63C451602BF30EAE00AD5BC5 /* Sources */ = {
			isa = PBXSourcesBuildPhase;
			buildActionMask = 2147483647;
			files = (
				63D66AE12C59236D0094E55D /* EmailVerificationFlow.swift in Sources */,
				63D66AE52C59CFF30094E55D /* CustomProgressView.swift in Sources */,
				634CEE822C7B19E2008CD5B8 /* BannerView.swift in Sources */,
				632AF9FA2CAFCCE40036F294 /* MessageDTO.swift in Sources */,
				63A99B4D2C09C3930073939A /* PassportStartScanView.swift in Sources */,
				6370670B2C60AA1B00A23C1E /* BaseView.swift in Sources */,
				6373018C2CA7F20A00BB0292 /* NavigationTitleView.swift in Sources */,
				6320F4FA2BFC42EC00C35808 /* LivenessOverlayViewModel.swift in Sources */,
				6370670D2C60BFF900A23C1E /* CreatingAccountView.swift in Sources */,
				637067112C60CA4200A23C1E /* NavBackButton.swift in Sources */,
				635ACCF42BFC8ECE0012108F /* ProgressStepView.swift in Sources */,
				6351DF192CA5384A00976552 /* MessageListCell.swift in Sources */,
				6395A8222C5A7CB600CB44FE /* MessageComposeView.swift in Sources */,
				63C03E6C2C539517009E385E /* OnboardingFlow.swift in Sources */,
				6381C3242BF463E1005573A0 /* CameraView.swift in Sources */,
				6395A8242C5A7D9E00CB44FE /* CustomSmsView.swift in Sources */,
				634CEE842C7C1AD2008CD5B8 /* ScanLoginQRCodeView.swift in Sources */,
				63A99B232C07656D0073939A /* ReadingPassportChipInstructionView.swift in Sources */,
				63A214362C7CAFE8008B5E4A /* HomeView.swift in Sources */,
				637301882CA6C4E800BB0292 /* UIImageWrapperView.swift in Sources */,
				63A99AF72C05D0D90073939A /*  SelectDocumentView.swift in Sources */,
				63A99B322C08B7970073939A /* PassportIntroductionView.swift in Sources */,
				63A99AFB2C05D92E0073939A /* FontLoader.swift in Sources */,
				63554DE82CA1789600DF55D2 /* LoadingView.swift in Sources */,
				633F7FFA2C578FBE00BC2B06 /* ThankYouView.swift in Sources */,
				637067052C6087C000A23C1E /* CreateAccountNameView.swift in Sources */,
				633F7FF62C53B54100BC2B06 /* CustomPageIndicator.swift in Sources */,
				6395A8162C5A227000CB44FE /* PinCodeView.swift in Sources */,
				632AFA002CAFF5960036F294 /* UserDetailView.swift in Sources */,
				635ACCED2BFC813B0012108F /* SteppedProgressView.swift in Sources */,
				6370670F2C60C98B00A23C1E /* AccountCreatedView.swift in Sources */,
				634878D52BF7619F00E50DE1 /* ButtonView.swift in Sources */,
				63B1DA2E2C78715D002782AB /* OnboardingSurveyView.swift in Sources */,
				635ACD4A2C058A060012108F /* LivenessVerificationFailedView.swift in Sources */,
				6395A81A2C5A2CD900CB44FE /* PinEntryView.swift in Sources */,
				63E2C3A52C7DD54000056E9B /* QRCodeScannerView.swift in Sources */,
				63C03E6A2C535E9C009E385E /* PagingView.swift in Sources */,
				6381C3272BF47129005573A0 /* CameraPreview.swift in Sources */,
				63A99B632C0D6CE40073939A /* CustomTextField.swift in Sources */,
				63C451A72BF33F6100AD5BC5 /* PageContentView.swift in Sources */,
				635ACD0B2BFE02560012108F /* Fonts.swift in Sources */,
				63A99B102C05EA820073939A /* Color.swift in Sources */,
				63A214432C7CB281008B5E4A /* SettingsView.swift in Sources */,
				63E2C3A32C7DC9D300056E9B /* QRCodeOverlayView.swift in Sources */,
				63A2143E2C7CB1AB008B5E4A /* DataView.swift in Sources */,
				6395A8182C5A266300CB44FE /* EnterEmailCodeView.swift in Sources */,
				63A99B2D2C08908A0073939A /* MRZInfo.swift in Sources */,
				63A99B122C06DAD20073939A /* PassportCheckChipView.swift in Sources */,
				6395A81E2C5A7AD400CB44FE /* VerifyPhoneFlow.swift in Sources */,
				63A99B252C0830990073939A /* PassportMRZView.swift in Sources */,
				63D0D0432BF395D8002658AA /* LivenessView.swift in Sources */,
				635ACD4C2C0590080012108F /* LivenessVerificationViewModel.swift in Sources */,
				6370672C2C610C2D00A23C1E /* SelfUISdk.swift in Sources */,
				634878D32BF7488900E50DE1 /* BrandView.swift in Sources */,
				637301832CA679A100BB0292 /* AvatarView.swift in Sources */,
				6320F4F82BFB57DE00C35808 /* TipsSelfie.swift in Sources */,
				634878CF2BF739EB00E50DE1 /* LivenessIntroductionView.swift in Sources */,
				63AB34D32CAECDD300B27E75 /* StatusTimeView.swift in Sources */,
				63A99B342C08B9330073939A /* DocumentType.swift in Sources */,
				63A214402C7CB203008B5E4A /* ScanView.swift in Sources */,
				63A99AF92C05D8370073939A /* OutlinedButton.swift in Sources */,
				631D10E92CABF91E00DA1376 /* KeyboardResponder.swift in Sources */,
				635ACCFC2BFDF0080012108F /* SteppedProgressViewModel.swift in Sources */,
				632A1DC52BF76B4900959663 /* CameraOvelayView.swift in Sources */,
				63D66AE72C59E4360094E55D /* EnterEmailView.swift in Sources */,
				632AFA032CAFF69B0036F294 /* ImagePicker.swift in Sources */,
				63A99B272C0860A60073939A /* TransparentHoleView.swift in Sources */,
				6320F4F52BFB307100C35808 /* LivenessCameraView.swift in Sources */,
				637067032C6087AE00A23C1E /* CreateAccountFlow.swift in Sources */,
				63A99B292C08692D0073939A /* MRZOverlayView.swift in Sources */,
				6381C3402BF5BBB7005573A0 /* FaceModel.swift in Sources */,
				6351DF0A2CA4FF7B00976552 /* BottomTab.swift in Sources */,
				63D66AD62C58C8E80094E55D /* Configuration+Theme+Style.swift in Sources */,
				6395A8202C5A7B9200CB44FE /* VerifyPhoneIntroView.swift in Sources */,
				634878D12BF73AA300E50DE1 /* LivenessFlow.swift in Sources */,
				63AB90792CA94E6500835D53 /* MessageComposerView.swift in Sources */,
				6320F4FE2BFC4A4000C35808 /* Extensions.swift in Sources */,
				63A99B212C07650B0073939A /* GIFView.swift in Sources */,
				63554DD82CA139CD00DF55D2 /* OutlineTextField.swift in Sources */,
				635ACCFA2BFDDAE90012108F /* ProgressStepViewModel.swift in Sources */,
				63A214332C7CA055008B5E4A /* QRReaderView.swift in Sources */,
				63D66AE32C5924BE0094E55D /* EmailIntroView.swift in Sources */,
				63A99B2B2C0881140073939A /* PassportMRZReaderView.swift in Sources */,
				63A99B162C07271B0073939A /* LoadingDotsView.swift in Sources */,
				635ACCF12BFC8C120012108F /* CustomSteppedProgressView.swift in Sources */,
				6329EC882C5C9DB4002D3779 /* CustomAlert.swift in Sources */,
				63A99B142C071F760073939A /* DocumentSorryView.swift in Sources */,
				63C03E682C528703009E385E /* WelcomeView.swift in Sources */,
				637301922CA8005A00BB0292 /* ChatView.swift in Sources */,
				63AB34D62CAECF8600B27E75 /* RoundedCorner.swift in Sources */,
				63AB34D12CAECDA200B27E75 /* MessageTextCell.swift in Sources */,
				63A2143B2C7CB0D3008B5E4A /* MessagingView.swift in Sources */,
				63A99B4F2C09E9C80073939A /* PassportReadingChipView.swift in Sources */,
				6329EC8A2C5CC6C7002D3779 /* EmailVerificationFailedView.swift in Sources */,
				6373018E2CA7F3D500BB0292 /* BaseNavigationBarView.swift in Sources */,
				63A99B592C0D66DD0073939A /* PassportMRZFieldsManuallyView.swift in Sources */,
				6396B54E2C777159008464FE /* DevOnboardingFlow.swift in Sources */,
				637067072C60894000A23C1E /* OutlinedTextField.swift in Sources */,
				63A214382C7CB081008B5E4A /* ProfileView.swift in Sources */,
				6381C3422BF5BC85005573A0 /* CameraViewModel.swift in Sources */,
				635ACD522C05C0E80012108F /* Utils.swift in Sources */,
			);
			runOnlyForDeploymentPostprocessing = 0;
		};
		63C451682BF30EAE00AD5BC5 /* Sources */ = {
			isa = PBXSourcesBuildPhase;
			buildActionMask = 2147483647;
			files = (
				63C451722BF30EAE00AD5BC5 /* SelfUITests.swift in Sources */,
			);
			runOnlyForDeploymentPostprocessing = 0;
		};
		63C451942BF33D5300AD5BC5 /* Sources */ = {
			isa = PBXSourcesBuildPhase;
			buildActionMask = 2147483647;
			files = (
				635ACD1E2BFF2AF10012108F /* NavigationDemo15.swift in Sources */,
				63C4519D2BF33D5300AD5BC5 /* ContentView.swift in Sources */,
				635ACD1C2BFF266E0012108F /* NavigationDemoView.swift in Sources */,
				63C4519B2BF33D5300AD5BC5 /* ExampleApp.swift in Sources */,
			);
			runOnlyForDeploymentPostprocessing = 0;
		};
/* End PBXSourcesBuildPhase section */

/* Begin PBXTargetDependency section */
		6381C3212BF4463A005573A0 /* PBXTargetDependency */ = {
			isa = PBXTargetDependency;
			target = 63C451632BF30EAE00AD5BC5 /* SelfUI */;
			targetProxy = 6381C3202BF4463A005573A0 /* PBXContainerItemProxy */;
		};
		63C4516F2BF30EAE00AD5BC5 /* PBXTargetDependency */ = {
			isa = PBXTargetDependency;
			target = 63C451632BF30EAE00AD5BC5 /* SelfUI */;
			targetProxy = 63C4516E2BF30EAE00AD5BC5 /* PBXContainerItemProxy */;
		};
		63C451A92BF33FD200AD5BC5 /* PBXTargetDependency */ = {
			isa = PBXTargetDependency;
			target = 63C451632BF30EAE00AD5BC5 /* SelfUI */;
			targetProxy = 63C451A82BF33FD200AD5BC5 /* PBXContainerItemProxy */;
		};
/* End PBXTargetDependency section */

/* Begin PBXVariantGroup section */
		635ACD022BFDFAFB0012108F /* Localizable.strings */ = {
			isa = PBXVariantGroup;
			children = (
				635ACD012BFDFAFB0012108F /* en */,
			);
			name = Localizable.strings;
			sourceTree = "<group>";
		};
		6370672F2C61D68500A23C1E /* Localizable.strings */ = {
			isa = PBXVariantGroup;
			children = (
				6370672E2C61D68500A23C1E /* en */,
			);
			name = Localizable.strings;
			sourceTree = "<group>";
		};
/* End PBXVariantGroup section */

/* Begin XCBuildConfiguration section */
		6381C3382BF4ABA1005573A0 /* Debug */ = {
			isa = XCBuildConfiguration;
			buildSettings = {
				ASSETCATALOG_COMPILER_APPICON_NAME = AppIcon;
				ASSETCATALOG_COMPILER_GLOBAL_ACCENT_COLOR_NAME = AccentColor;
				CODE_SIGN_STYLE = Automatic;
				CURRENT_PROJECT_VERSION = 1;
				DEVELOPMENT_ASSET_PATHS = "\"Example2/Preview Content\"";
				DEVELOPMENT_TEAM = B233VZ3W3Z;
				ENABLE_PREVIEWS = YES;
				GENERATE_INFOPLIST_FILE = YES;
				INFOPLIST_KEY_UIApplicationSceneManifest_Generation = YES;
				INFOPLIST_KEY_UIApplicationSupportsIndirectInputEvents = YES;
				INFOPLIST_KEY_UILaunchScreen_Generation = YES;
				INFOPLIST_KEY_UISupportedInterfaceOrientations_iPad = "UIInterfaceOrientationPortrait UIInterfaceOrientationPortraitUpsideDown UIInterfaceOrientationLandscapeLeft UIInterfaceOrientationLandscapeRight";
				INFOPLIST_KEY_UISupportedInterfaceOrientations_iPhone = "UIInterfaceOrientationPortrait UIInterfaceOrientationLandscapeLeft UIInterfaceOrientationLandscapeRight";
				LD_RUNPATH_SEARCH_PATHS = (
					"$(inherited)",
					"@executable_path/Frameworks",
				);
				MARKETING_VERSION = 1.0;
				PRODUCT_BUNDLE_IDENTIFIER = com.joinself.mobile.ui.Example2;
				PRODUCT_NAME = "$(TARGET_NAME)";
				SWIFT_EMIT_LOC_STRINGS = YES;
				SWIFT_VERSION = 5.0;
				TARGETED_DEVICE_FAMILY = "1,2";
			};
			name = Debug;
		};
		6381C3392BF4ABA1005573A0 /* Release */ = {
			isa = XCBuildConfiguration;
			buildSettings = {
				ASSETCATALOG_COMPILER_APPICON_NAME = AppIcon;
				ASSETCATALOG_COMPILER_GLOBAL_ACCENT_COLOR_NAME = AccentColor;
				CODE_SIGN_STYLE = Automatic;
				CURRENT_PROJECT_VERSION = 1;
				DEVELOPMENT_ASSET_PATHS = "\"Example2/Preview Content\"";
				DEVELOPMENT_TEAM = B233VZ3W3Z;
				ENABLE_PREVIEWS = YES;
				GENERATE_INFOPLIST_FILE = YES;
				INFOPLIST_KEY_UIApplicationSceneManifest_Generation = YES;
				INFOPLIST_KEY_UIApplicationSupportsIndirectInputEvents = YES;
				INFOPLIST_KEY_UILaunchScreen_Generation = YES;
				INFOPLIST_KEY_UISupportedInterfaceOrientations_iPad = "UIInterfaceOrientationPortrait UIInterfaceOrientationPortraitUpsideDown UIInterfaceOrientationLandscapeLeft UIInterfaceOrientationLandscapeRight";
				INFOPLIST_KEY_UISupportedInterfaceOrientations_iPhone = "UIInterfaceOrientationPortrait UIInterfaceOrientationLandscapeLeft UIInterfaceOrientationLandscapeRight";
				LD_RUNPATH_SEARCH_PATHS = (
					"$(inherited)",
					"@executable_path/Frameworks",
				);
				MARKETING_VERSION = 1.0;
				PRODUCT_BUNDLE_IDENTIFIER = com.joinself.mobile.ui.Example2;
				PRODUCT_NAME = "$(TARGET_NAME)";
				SWIFT_EMIT_LOC_STRINGS = YES;
				SWIFT_VERSION = 5.0;
				TARGETED_DEVICE_FAMILY = "1,2";
			};
			name = Release;
		};
		63C451742BF30EAE00AD5BC5 /* Debug */ = {
			isa = XCBuildConfiguration;
			buildSettings = {
				ALWAYS_SEARCH_USER_PATHS = NO;
				ASSETCATALOG_COMPILER_GENERATE_SWIFT_ASSET_SYMBOL_EXTENSIONS = YES;
				CLANG_ANALYZER_LOCALIZABILITY_NONLOCALIZED = YES;
				CLANG_ANALYZER_NONNULL = YES;
				CLANG_ANALYZER_NUMBER_OBJECT_CONVERSION = YES_AGGRESSIVE;
				CLANG_CXX_LANGUAGE_STANDARD = "gnu++20";
				CLANG_ENABLE_MODULES = YES;
				CLANG_ENABLE_OBJC_ARC = YES;
				CLANG_ENABLE_OBJC_WEAK = YES;
				CLANG_WARN_BLOCK_CAPTURE_AUTORELEASING = YES;
				CLANG_WARN_BOOL_CONVERSION = YES;
				CLANG_WARN_COMMA = YES;
				CLANG_WARN_CONSTANT_CONVERSION = YES;
				CLANG_WARN_DEPRECATED_OBJC_IMPLEMENTATIONS = YES;
				CLANG_WARN_DIRECT_OBJC_ISA_USAGE = YES_ERROR;
				CLANG_WARN_DOCUMENTATION_COMMENTS = YES;
				CLANG_WARN_EMPTY_BODY = YES;
				CLANG_WARN_ENUM_CONVERSION = YES;
				CLANG_WARN_INFINITE_RECURSION = YES;
				CLANG_WARN_INT_CONVERSION = YES;
				CLANG_WARN_NON_LITERAL_NULL_CONVERSION = YES;
				CLANG_WARN_OBJC_IMPLICIT_RETAIN_SELF = YES;
				CLANG_WARN_OBJC_LITERAL_CONVERSION = YES;
				CLANG_WARN_OBJC_ROOT_CLASS = YES_ERROR;
				CLANG_WARN_QUOTED_INCLUDE_IN_FRAMEWORK_HEADER = YES;
				CLANG_WARN_RANGE_LOOP_ANALYSIS = YES;
				CLANG_WARN_STRICT_PROTOTYPES = YES;
				CLANG_WARN_SUSPICIOUS_MOVE = YES;
				CLANG_WARN_UNGUARDED_AVAILABILITY = YES_AGGRESSIVE;
				CLANG_WARN_UNREACHABLE_CODE = YES;
				CLANG_WARN__DUPLICATE_METHOD_MATCH = YES;
				COPY_PHASE_STRIP = NO;
				CURRENT_PROJECT_VERSION = 1;
				DEBUG_INFORMATION_FORMAT = dwarf;
				EMBED_ASSET_PACKS_IN_PRODUCT_BUNDLE = NO;
				ENABLE_STRICT_OBJC_MSGSEND = YES;
				ENABLE_TESTABILITY = YES;
				ENABLE_USER_SCRIPT_SANDBOXING = YES;
				GCC_C_LANGUAGE_STANDARD = gnu17;
				GCC_DYNAMIC_NO_PIC = NO;
				GCC_NO_COMMON_BLOCKS = YES;
				GCC_OPTIMIZATION_LEVEL = 0;
				GCC_PREPROCESSOR_DEFINITIONS = (
					"DEBUG=1",
					"$(inherited)",
				);
				GCC_WARN_64_TO_32_BIT_CONVERSION = YES;
				GCC_WARN_ABOUT_RETURN_TYPE = YES_ERROR;
				GCC_WARN_UNDECLARED_SELECTOR = YES;
				GCC_WARN_UNINITIALIZED_AUTOS = YES_AGGRESSIVE;
				GCC_WARN_UNUSED_FUNCTION = YES;
				GCC_WARN_UNUSED_VARIABLE = YES;
				IPHONEOS_DEPLOYMENT_TARGET = 17.2;
				LOCALIZATION_PREFERS_STRING_CATALOGS = YES;
				MTL_ENABLE_DEBUG_INFO = INCLUDE_SOURCE;
				MTL_FAST_MATH = YES;
				ONLY_ACTIVE_ARCH = YES;
				SDKROOT = iphoneos;
				SWIFT_ACTIVE_COMPILATION_CONDITIONS = "DEBUG $(inherited)";
				SWIFT_OPTIMIZATION_LEVEL = "-Onone";
				VERSIONING_SYSTEM = "apple-generic";
				VERSION_INFO_PREFIX = "";
			};
			name = Debug;
		};
		63C451752BF30EAE00AD5BC5 /* Release */ = {
			isa = XCBuildConfiguration;
			buildSettings = {
				ALWAYS_SEARCH_USER_PATHS = NO;
				ASSETCATALOG_COMPILER_GENERATE_SWIFT_ASSET_SYMBOL_EXTENSIONS = YES;
				CLANG_ANALYZER_LOCALIZABILITY_NONLOCALIZED = YES;
				CLANG_ANALYZER_NONNULL = YES;
				CLANG_ANALYZER_NUMBER_OBJECT_CONVERSION = YES_AGGRESSIVE;
				CLANG_CXX_LANGUAGE_STANDARD = "gnu++20";
				CLANG_ENABLE_MODULES = YES;
				CLANG_ENABLE_OBJC_ARC = YES;
				CLANG_ENABLE_OBJC_WEAK = YES;
				CLANG_WARN_BLOCK_CAPTURE_AUTORELEASING = YES;
				CLANG_WARN_BOOL_CONVERSION = YES;
				CLANG_WARN_COMMA = YES;
				CLANG_WARN_CONSTANT_CONVERSION = YES;
				CLANG_WARN_DEPRECATED_OBJC_IMPLEMENTATIONS = YES;
				CLANG_WARN_DIRECT_OBJC_ISA_USAGE = YES_ERROR;
				CLANG_WARN_DOCUMENTATION_COMMENTS = YES;
				CLANG_WARN_EMPTY_BODY = YES;
				CLANG_WARN_ENUM_CONVERSION = YES;
				CLANG_WARN_INFINITE_RECURSION = YES;
				CLANG_WARN_INT_CONVERSION = YES;
				CLANG_WARN_NON_LITERAL_NULL_CONVERSION = YES;
				CLANG_WARN_OBJC_IMPLICIT_RETAIN_SELF = YES;
				CLANG_WARN_OBJC_LITERAL_CONVERSION = YES;
				CLANG_WARN_OBJC_ROOT_CLASS = YES_ERROR;
				CLANG_WARN_QUOTED_INCLUDE_IN_FRAMEWORK_HEADER = YES;
				CLANG_WARN_RANGE_LOOP_ANALYSIS = YES;
				CLANG_WARN_STRICT_PROTOTYPES = YES;
				CLANG_WARN_SUSPICIOUS_MOVE = YES;
				CLANG_WARN_UNGUARDED_AVAILABILITY = YES_AGGRESSIVE;
				CLANG_WARN_UNREACHABLE_CODE = YES;
				CLANG_WARN__DUPLICATE_METHOD_MATCH = YES;
				COPY_PHASE_STRIP = NO;
				CURRENT_PROJECT_VERSION = 1;
				DEBUG_INFORMATION_FORMAT = "dwarf-with-dsym";
				EMBED_ASSET_PACKS_IN_PRODUCT_BUNDLE = NO;
				ENABLE_NS_ASSERTIONS = NO;
				ENABLE_STRICT_OBJC_MSGSEND = YES;
				ENABLE_USER_SCRIPT_SANDBOXING = YES;
				GCC_C_LANGUAGE_STANDARD = gnu17;
				GCC_NO_COMMON_BLOCKS = YES;
				GCC_WARN_64_TO_32_BIT_CONVERSION = YES;
				GCC_WARN_ABOUT_RETURN_TYPE = YES_ERROR;
				GCC_WARN_UNDECLARED_SELECTOR = YES;
				GCC_WARN_UNINITIALIZED_AUTOS = YES_AGGRESSIVE;
				GCC_WARN_UNUSED_FUNCTION = YES;
				GCC_WARN_UNUSED_VARIABLE = YES;
				IPHONEOS_DEPLOYMENT_TARGET = 17.2;
				LOCALIZATION_PREFERS_STRING_CATALOGS = YES;
				MTL_ENABLE_DEBUG_INFO = NO;
				MTL_FAST_MATH = YES;
				SDKROOT = iphoneos;
				SWIFT_COMPILATION_MODE = wholemodule;
				VALIDATE_PRODUCT = YES;
				VERSIONING_SYSTEM = "apple-generic";
				VERSION_INFO_PREFIX = "";
			};
			name = Release;
		};
		63C451772BF30EAE00AD5BC5 /* Debug */ = {
			isa = XCBuildConfiguration;
			buildSettings = {
				CLANG_ENABLE_MODULES = YES;
				CODE_SIGN_STYLE = Manual;
				CURRENT_PROJECT_VERSION = 1;
				DEFINES_MODULE = YES;
				DEVELOPMENT_TEAM = "";
				DYLIB_COMPATIBILITY_VERSION = 1;
				DYLIB_CURRENT_VERSION = 1;
				DYLIB_INSTALL_NAME_BASE = "@rpath";
				ENABLE_MODULE_VERIFIER = YES;
				ENABLE_USER_SCRIPT_SANDBOXING = NO;
				GENERATE_INFOPLIST_FILE = YES;
				INFOPLIST_FILE = SelfUI/Info.plist;
				INFOPLIST_KEY_NSHumanReadableCopyright = "";
				INSTALL_PATH = "$(LOCAL_LIBRARY_DIR)/Frameworks";
				IPHONEOS_DEPLOYMENT_TARGET = 16.0;
				LD_RUNPATH_SEARCH_PATHS = (
					"$(inherited)",
					"@executable_path/Frameworks",
					"@loader_path/Frameworks",
				);
				MARKETING_VERSION = 1.0;
				MERGEABLE_LIBRARY = NO;
				MODULE_VERIFIER_SUPPORTED_LANGUAGES = "objective-c objective-c++";
				MODULE_VERIFIER_SUPPORTED_LANGUAGE_STANDARDS = "gnu17 gnu++20";
				PRODUCT_BUNDLE_IDENTIFIER = com.joinself.next.ui;
				PRODUCT_NAME = "$(TARGET_NAME:c99extidentifier)";
				PROVISIONING_PROFILE_SPECIFIER = "";
				SKIP_INSTALL = YES;
				SWIFT_EMIT_LOC_STRINGS = YES;
				SWIFT_OPTIMIZATION_LEVEL = "-Onone";
				SWIFT_VERSION = 5.0;
				TARGETED_DEVICE_FAMILY = "1,2";
			};
			name = Debug;
		};
		63C451782BF30EAE00AD5BC5 /* Release */ = {
			isa = XCBuildConfiguration;
			buildSettings = {
				CLANG_ENABLE_MODULES = YES;
				CODE_SIGN_IDENTITY = "Apple Development";
				"CODE_SIGN_IDENTITY[sdk=iphoneos*]" = "Apple Distribution";
				CODE_SIGN_STYLE = Manual;
				CURRENT_PROJECT_VERSION = 1;
				DEFINES_MODULE = YES;
				DEVELOPMENT_TEAM = "";
				"DEVELOPMENT_TEAM[sdk=iphoneos*]" = B233VZ3W3Z;
				DYLIB_COMPATIBILITY_VERSION = 1;
				DYLIB_CURRENT_VERSION = 1;
				DYLIB_INSTALL_NAME_BASE = "@rpath";
				ENABLE_MODULE_VERIFIER = YES;
				ENABLE_USER_SCRIPT_SANDBOXING = NO;
				GENERATE_INFOPLIST_FILE = YES;
				INFOPLIST_FILE = SelfUI/Info.plist;
				INFOPLIST_KEY_NSHumanReadableCopyright = "";
				INSTALL_PATH = "$(LOCAL_LIBRARY_DIR)/Frameworks";
				IPHONEOS_DEPLOYMENT_TARGET = 16.0;
				LD_RUNPATH_SEARCH_PATHS = (
					"$(inherited)",
					"@executable_path/Frameworks",
					"@loader_path/Frameworks",
				);
				MARKETING_VERSION = 1.0;
				MERGEABLE_LIBRARY = NO;
				MODULE_VERIFIER_SUPPORTED_LANGUAGES = "objective-c objective-c++";
				MODULE_VERIFIER_SUPPORTED_LANGUAGE_STANDARDS = "gnu17 gnu++20";
				PRODUCT_BUNDLE_IDENTIFIER = com.joinself.next.ui;
				PRODUCT_NAME = "$(TARGET_NAME:c99extidentifier)";
				PROVISIONING_PROFILE_SPECIFIER = "";
				SKIP_INSTALL = YES;
				SWIFT_EMIT_LOC_STRINGS = YES;
				SWIFT_VERSION = 5.0;
				TARGETED_DEVICE_FAMILY = "1,2";
			};
			name = Release;
		};
		63C4517A2BF30EAE00AD5BC5 /* Debug */ = {
			isa = XCBuildConfiguration;
			buildSettings = {
				ALWAYS_EMBED_SWIFT_STANDARD_LIBRARIES = YES;
				CODE_SIGN_STYLE = Automatic;
				CURRENT_PROJECT_VERSION = 1;
				DEVELOPMENT_TEAM = B233VZ3W3Z;
				GENERATE_INFOPLIST_FILE = YES;
				MARKETING_VERSION = 1.0;
				PRODUCT_BUNDLE_IDENTIFIER = com.joinself.mobile.ui.SelfUITests;
				PRODUCT_NAME = "$(TARGET_NAME)";
				SWIFT_EMIT_LOC_STRINGS = NO;
				SWIFT_VERSION = 5.0;
				TARGETED_DEVICE_FAMILY = "1,2";
			};
			name = Debug;
		};
		63C4517B2BF30EAE00AD5BC5 /* Release */ = {
			isa = XCBuildConfiguration;
			buildSettings = {
				ALWAYS_EMBED_SWIFT_STANDARD_LIBRARIES = YES;
				CODE_SIGN_STYLE = Automatic;
				CURRENT_PROJECT_VERSION = 1;
				DEVELOPMENT_TEAM = B233VZ3W3Z;
				GENERATE_INFOPLIST_FILE = YES;
				MARKETING_VERSION = 1.0;
				PRODUCT_BUNDLE_IDENTIFIER = com.joinself.mobile.ui.SelfUITests;
				PRODUCT_NAME = "$(TARGET_NAME)";
				SWIFT_EMIT_LOC_STRINGS = NO;
				SWIFT_VERSION = 5.0;
				TARGETED_DEVICE_FAMILY = "1,2";
			};
			name = Release;
		};
		63C451A42BF33D5500AD5BC5 /* Debug */ = {
			isa = XCBuildConfiguration;
			buildSettings = {
				ASSETCATALOG_COMPILER_APPICON_NAME = AppIcon;
				ASSETCATALOG_COMPILER_GLOBAL_ACCENT_COLOR_NAME = AccentColor;
				CODE_SIGN_STYLE = Automatic;
				CURRENT_PROJECT_VERSION = 1;
				DEVELOPMENT_ASSET_PATHS = "\"Example/Preview Content\"";
				DEVELOPMENT_TEAM = B233VZ3W3Z;
				ENABLE_PREVIEWS = YES;
				ENABLE_USER_SCRIPT_SANDBOXING = NO;
				GENERATE_INFOPLIST_FILE = YES;
				INFOPLIST_KEY_NSCameraUsageDescription = "Turning on the camera allows us to ensure it's only you using $(PRODUCT_NAME)";
				INFOPLIST_KEY_UIApplicationSceneManifest_Generation = YES;
				INFOPLIST_KEY_UIApplicationSupportsIndirectInputEvents = YES;
				INFOPLIST_KEY_UILaunchScreen_Generation = YES;
				INFOPLIST_KEY_UISupportedInterfaceOrientations_iPad = "UIInterfaceOrientationPortrait UIInterfaceOrientationPortraitUpsideDown UIInterfaceOrientationLandscapeLeft UIInterfaceOrientationLandscapeRight";
				INFOPLIST_KEY_UISupportedInterfaceOrientations_iPhone = "UIInterfaceOrientationPortrait UIInterfaceOrientationLandscapeLeft UIInterfaceOrientationLandscapeRight";
				IPHONEOS_DEPLOYMENT_TARGET = 16.0;
				LD_RUNPATH_SEARCH_PATHS = (
					"$(inherited)",
					"@executable_path/Frameworks",
				);
				MARKETING_VERSION = 1.0;
				PRODUCT_BUNDLE_IDENTIFIER = com.joinself.mobile.ui.Example;
				PRODUCT_NAME = "$(TARGET_NAME)";
				SWIFT_EMIT_LOC_STRINGS = YES;
				SWIFT_VERSION = 5.0;
				TARGETED_DEVICE_FAMILY = "1,2";
			};
			name = Debug;
		};
		63C451A52BF33D5500AD5BC5 /* Release */ = {
			isa = XCBuildConfiguration;
			buildSettings = {
				ASSETCATALOG_COMPILER_APPICON_NAME = AppIcon;
				ASSETCATALOG_COMPILER_GLOBAL_ACCENT_COLOR_NAME = AccentColor;
				CODE_SIGN_STYLE = Automatic;
				CURRENT_PROJECT_VERSION = 1;
				DEVELOPMENT_ASSET_PATHS = "\"Example/Preview Content\"";
				DEVELOPMENT_TEAM = B233VZ3W3Z;
				ENABLE_PREVIEWS = YES;
				ENABLE_USER_SCRIPT_SANDBOXING = NO;
				GENERATE_INFOPLIST_FILE = YES;
				INFOPLIST_KEY_NSCameraUsageDescription = "Turning on the camera allows us to ensure it's only you using $(PRODUCT_NAME)";
				INFOPLIST_KEY_UIApplicationSceneManifest_Generation = YES;
				INFOPLIST_KEY_UIApplicationSupportsIndirectInputEvents = YES;
				INFOPLIST_KEY_UILaunchScreen_Generation = YES;
				INFOPLIST_KEY_UISupportedInterfaceOrientations_iPad = "UIInterfaceOrientationPortrait UIInterfaceOrientationPortraitUpsideDown UIInterfaceOrientationLandscapeLeft UIInterfaceOrientationLandscapeRight";
				INFOPLIST_KEY_UISupportedInterfaceOrientations_iPhone = "UIInterfaceOrientationPortrait UIInterfaceOrientationLandscapeLeft UIInterfaceOrientationLandscapeRight";
				IPHONEOS_DEPLOYMENT_TARGET = 16.0;
				LD_RUNPATH_SEARCH_PATHS = (
					"$(inherited)",
					"@executable_path/Frameworks",
				);
				MARKETING_VERSION = 1.0;
				PRODUCT_BUNDLE_IDENTIFIER = com.joinself.mobile.ui.Example;
				PRODUCT_NAME = "$(TARGET_NAME)";
				SWIFT_EMIT_LOC_STRINGS = YES;
				SWIFT_VERSION = 5.0;
				TARGETED_DEVICE_FAMILY = "1,2";
			};
			name = Release;
		};
/* End XCBuildConfiguration section */

/* Begin XCConfigurationList section */
		6381C3372BF4ABA1005573A0 /* Build configuration list for PBXNativeTarget "Example2" */ = {
			isa = XCConfigurationList;
			buildConfigurations = (
				6381C3382BF4ABA1005573A0 /* Debug */,
				6381C3392BF4ABA1005573A0 /* Release */,
			);
			defaultConfigurationIsVisible = 0;
			defaultConfigurationName = Release;
		};
		63C4515E2BF30EAD00AD5BC5 /* Build configuration list for PBXProject "SelfUI" */ = {
			isa = XCConfigurationList;
			buildConfigurations = (
				63C451742BF30EAE00AD5BC5 /* Debug */,
				63C451752BF30EAE00AD5BC5 /* Release */,
			);
			defaultConfigurationIsVisible = 0;
			defaultConfigurationName = Release;
		};
		63C451762BF30EAE00AD5BC5 /* Build configuration list for PBXNativeTarget "SelfUI" */ = {
			isa = XCConfigurationList;
			buildConfigurations = (
				63C451772BF30EAE00AD5BC5 /* Debug */,
				63C451782BF30EAE00AD5BC5 /* Release */,
			);
			defaultConfigurationIsVisible = 0;
			defaultConfigurationName = Release;
		};
		63C451792BF30EAE00AD5BC5 /* Build configuration list for PBXNativeTarget "SelfUITests" */ = {
			isa = XCConfigurationList;
			buildConfigurations = (
				63C4517A2BF30EAE00AD5BC5 /* Debug */,
				63C4517B2BF30EAE00AD5BC5 /* Release */,
			);
			defaultConfigurationIsVisible = 0;
			defaultConfigurationName = Release;
		};
		63C451A32BF33D5500AD5BC5 /* Build configuration list for PBXNativeTarget "Example" */ = {
			isa = XCConfigurationList;
			buildConfigurations = (
				63C451A42BF33D5500AD5BC5 /* Debug */,
				63C451A52BF33D5500AD5BC5 /* Release */,
			);
			defaultConfigurationIsVisible = 0;
			defaultConfigurationName = Release;
		};
/* End XCConfigurationList section */

/* Begin XCRemoteSwiftPackageReference section */
		63A99B1B2C07648C0073939A /* XCRemoteSwiftPackageReference "FLAnimatedImage" */ = {
			isa = XCRemoteSwiftPackageReference;
			repositoryURL = "https://github.com/Flipboard/FLAnimatedImage.git";
			requirement = {
				kind = upToNextMajorVersion;
				minimumVersion = 1.0.17;
			};
		};
/* End XCRemoteSwiftPackageReference section */

/* Begin XCSwiftPackageProductDependency section */
		63A99B1C2C07648C0073939A /* FLAnimatedImage */ = {
			isa = XCSwiftPackageProductDependency;
			package = 63A99B1B2C07648C0073939A /* XCRemoteSwiftPackageReference "FLAnimatedImage" */;
			productName = FLAnimatedImage;
		};
/* End XCSwiftPackageProductDependency section */
	};
	rootObject = 63C4515B2BF30EAD00AD5BC5 /* Project object */;
}
